version: 6
environments:
  default:
    channels:
    - url: https://conda.anaconda.org/conda-forge/
    options:
      pypi-prerelease-mode: if-necessary-or-explicit
    packages:
      linux-64:
      - conda: https://conda.anaconda.org/conda-forge/linux-64/_libgcc_mutex-0.1-conda_forge.tar.bz2
      - conda: https://conda.anaconda.org/conda-forge/linux-64/_openmp_mutex-4.5-2_gnu.tar.bz2
      - conda: https://conda.anaconda.org/conda-forge/linux-64/apptainer-1.4.5-h6ccafba_0.conda
      - conda: https://conda.anaconda.org/conda-forge/linux-64/bzip2-1.0.8-hda65f42_8.conda
      - conda: https://conda.anaconda.org/conda-forge/noarch/ca-certificates-2026.1.4-hbd8a1cb_0.conda
      - conda: https://conda.anaconda.org/conda-forge/linux-64/cni-1.0.1-ha975731_1.tar.bz2
      - conda: https://conda.anaconda.org/conda-forge/linux-64/cni-plugins-1.3.0-ha8f183a_0.conda
      - conda: https://conda.anaconda.org/conda-forge/linux-64/fuse-overlayfs-1.16-ha5fcf3e_1.conda
      - conda: https://conda.anaconda.org/conda-forge/linux-64/gocryptfs-2.6.1-ha770c72_0.conda
      - conda: https://conda.anaconda.org/conda-forge/linux-64/icu-78.2-h33c6efd_0.conda
      - conda: https://conda.anaconda.org/conda-forge/linux-64/jq-1.8.1-h73b1eb8_0.conda
      - conda: https://conda.anaconda.org/conda-forge/linux-64/libarchive-3.8.5-gpl_hc2c16d8_100.conda
      - conda: https://conda.anaconda.org/conda-forge/linux-64/libfuse3-3.18.1-h9a46e9c_0.conda
      - conda: https://conda.anaconda.org/conda-forge/linux-64/libgcc-15.2.0-he0feb66_16.conda
      - conda: https://conda.anaconda.org/conda-forge/linux-64/libgcc-ng-15.2.0-h69a702a_16.conda
      - conda: https://conda.anaconda.org/conda-forge/linux-64/libgomp-15.2.0-he0feb66_16.conda
      - conda: https://conda.anaconda.org/conda-forge/linux-64/libiconv-1.18-h3b78370_2.conda
      - conda: https://conda.anaconda.org/conda-forge/linux-64/liblzma-5.8.2-hb03c661_0.conda
      - conda: https://conda.anaconda.org/conda-forge/linux-64/libseccomp-2.6.0-hb03c661_0.conda
      - conda: https://conda.anaconda.org/conda-forge/linux-64/libstdcxx-15.2.0-h934c35e_16.conda
      - conda: https://conda.anaconda.org/conda-forge/linux-64/libuuid-2.41.3-h5347b49_0.conda
      - conda: https://conda.anaconda.org/conda-forge/linux-64/libxml2-16-2.15.1-hca6bf5a_1.conda
      - conda: https://conda.anaconda.org/conda-forge/linux-64/libxml2-2.15.1-he237659_1.conda
      - conda: https://conda.anaconda.org/conda-forge/linux-64/libzlib-1.3.1-hb9d3cd8_2.conda
      - conda: https://conda.anaconda.org/conda-forge/linux-64/lz4-c-1.10.0-h5888daf_1.conda
      - conda: https://conda.anaconda.org/conda-forge/linux-64/lzo-2.10-h280c20c_1002.conda
      - conda: https://conda.anaconda.org/conda-forge/linux-64/oniguruma-6.9.10-hb9d3cd8_0.conda
      - conda: https://conda.anaconda.org/conda-forge/linux-64/openssl-3.6.0-h26f9b46_0.conda
      - conda: https://conda.anaconda.org/conda-forge/linux-64/squashfs-tools-4.7.4-hb4e62d2_0.conda
      - conda: https://conda.anaconda.org/conda-forge/linux-64/squashfuse-0.6.1-hb8971b7_1.conda
      - conda: https://conda.anaconda.org/conda-forge/linux-64/zstd-1.5.7-hb78ec9c_6.conda
      linux-aarch64:
      - conda: https://conda.anaconda.org/conda-forge/linux-aarch64/_openmp_mutex-4.5-2_gnu.tar.bz2
      - conda: https://conda.anaconda.org/conda-forge/linux-aarch64/apptainer-1.4.5-hb8e6bbc_0.conda
      - conda: https://conda.anaconda.org/conda-forge/linux-aarch64/bzip2-1.0.8-h4777abc_8.conda
      - conda: https://conda.anaconda.org/conda-forge/noarch/ca-certificates-2026.1.4-hbd8a1cb_0.conda
      - conda: https://conda.anaconda.org/conda-forge/linux-aarch64/cni-1.0.1-h80d9677_0.tar.bz2
      - conda: https://conda.anaconda.org/conda-forge/linux-aarch64/cni-plugins-1.3.0-h652cbe9_0.conda
      - conda: https://conda.anaconda.org/conda-forge/linux-aarch64/fuse-overlayfs-1.16-hde7ff99_1.conda
      - conda: https://conda.anaconda.org/conda-forge/linux-aarch64/icu-78.2-hb1525cb_0.conda
      - conda: https://conda.anaconda.org/conda-forge/linux-aarch64/jq-1.8.1-h06eaf92_0.conda
      - conda: https://conda.anaconda.org/conda-forge/linux-aarch64/libarchive-3.8.5-gpl_hbe7d12b_100.conda
      - conda: https://conda.anaconda.org/conda-forge/linux-aarch64/libfuse3-3.18.1-hdcbcb3a_0.conda
      - conda: https://conda.anaconda.org/conda-forge/linux-aarch64/libgcc-15.2.0-h8acb6b2_16.conda
      - conda: https://conda.anaconda.org/conda-forge/linux-aarch64/libgcc-ng-15.2.0-he9431aa_16.conda
      - conda: https://conda.anaconda.org/conda-forge/linux-aarch64/libgomp-15.2.0-h8acb6b2_16.conda
      - conda: https://conda.anaconda.org/conda-forge/linux-aarch64/libiconv-1.18-h90929bb_2.conda
      - conda: https://conda.anaconda.org/conda-forge/linux-aarch64/liblzma-5.8.2-he30d5cf_0.conda
      - conda: https://conda.anaconda.org/conda-forge/linux-aarch64/libseccomp-2.6.0-he30d5cf_0.conda
      - conda: https://conda.anaconda.org/conda-forge/linux-aarch64/libstdcxx-15.2.0-hef695bb_16.conda
      - conda: https://conda.anaconda.org/conda-forge/linux-aarch64/libuuid-2.41.3-h1022ec0_0.conda
      - conda: https://conda.anaconda.org/conda-forge/linux-aarch64/libxml2-16-2.15.1-h79dcc73_1.conda
      - conda: https://conda.anaconda.org/conda-forge/linux-aarch64/libxml2-2.15.1-h825857f_1.conda
      - conda: https://conda.anaconda.org/conda-forge/linux-aarch64/libzlib-1.3.1-h86ecc28_2.conda
      - conda: https://conda.anaconda.org/conda-forge/linux-aarch64/lz4-c-1.10.0-h5ad3122_1.conda
      - conda: https://conda.anaconda.org/conda-forge/linux-aarch64/lzo-2.10-h80f16a2_1002.conda
      - conda: https://conda.anaconda.org/conda-forge/linux-aarch64/oniguruma-6.9.10-h86ecc28_0.conda
      - conda: https://conda.anaconda.org/conda-forge/linux-aarch64/openssl-3.6.0-h8e36d6e_0.conda
      - conda: https://conda.anaconda.org/conda-forge/linux-aarch64/squashfs-tools-4.7.4-hc071bb0_0.conda
      - conda: https://conda.anaconda.org/conda-forge/linux-aarch64/squashfuse-0.6.1-h46c73cc_1.conda
      - conda: https://conda.anaconda.org/conda-forge/linux-aarch64/zstd-1.5.7-h85ac4a6_6.conda
      linux-ppc64le:
      - conda: https://conda.anaconda.org/conda-forge/linux-ppc64le/_libgcc_mutex-0.1-conda_forge.tar.bz2
      - conda: https://conda.anaconda.org/conda-forge/linux-ppc64le/_openmp_mutex-4.5-2_gnu.tar.bz2
      - conda: https://conda.anaconda.org/conda-forge/linux-ppc64le/apptainer-1.4.5-h74241f0_0.conda
      - conda: https://conda.anaconda.org/conda-forge/linux-ppc64le/bzip2-1.0.8-heb0841c_8.conda
      - conda: https://conda.anaconda.org/conda-forge/noarch/ca-certificates-2026.1.4-hbd8a1cb_0.conda
      - conda: https://conda.anaconda.org/conda-forge/linux-ppc64le/cni-0.8.0-hb525aa0_0.tar.bz2
      - conda: https://conda.anaconda.org/conda-forge/linux-ppc64le/cni-plugins-0.9.1-hdeebcfe_0.tar.bz2
      - conda: https://conda.anaconda.org/conda-forge/linux-ppc64le/fuse-overlayfs-1.16-hf82ce0d_1.conda
      - conda: https://conda.anaconda.org/conda-forge/linux-ppc64le/icu-78.2-hdfe7835_0.conda
      - conda: https://conda.anaconda.org/conda-forge/linux-ppc64le/jq-1.7.1-ha17a0cc_0.conda
      - conda: https://conda.anaconda.org/conda-forge/linux-ppc64le/libarchive-3.8.5-gpl_h3607b38_100.conda
      - conda: https://conda.anaconda.org/conda-forge/linux-ppc64le/libfuse3-3.18.1-hfee04b5_0.conda
      - conda: https://conda.anaconda.org/conda-forge/linux-ppc64le/libgcc-15.2.0-h80f490b_16.conda
      - conda: https://conda.anaconda.org/conda-forge/linux-ppc64le/libgcc-ng-15.2.0-hfdc3801_16.conda
      - conda: https://conda.anaconda.org/conda-forge/linux-ppc64le/libgomp-15.2.0-h80f490b_16.conda
      - conda: https://conda.anaconda.org/conda-forge/linux-ppc64le/libiconv-1.18-h25553c4_2.conda
      - conda: https://conda.anaconda.org/conda-forge/linux-ppc64le/liblzma-5.8.2-hfc7e52b_0.conda
      - conda: https://conda.anaconda.org/conda-forge/linux-ppc64le/libseccomp-2.6.0-hfc7e52b_0.conda
      - conda: https://conda.anaconda.org/conda-forge/linux-ppc64le/libstdcxx-15.2.0-h31c573d_16.conda
      - conda: https://conda.anaconda.org/conda-forge/linux-ppc64le/libstdcxx-ng-15.2.0-h6e3988f_16.conda
      - conda: https://conda.anaconda.org/conda-forge/linux-ppc64le/libuuid-2.41.3-h6ae87ef_0.conda
      - conda: https://conda.anaconda.org/conda-forge/linux-ppc64le/libxml2-16-2.15.1-hae3cc47_1.conda
      - conda: https://conda.anaconda.org/conda-forge/linux-ppc64le/libxml2-2.15.1-h6f55e22_1.conda
      - conda: https://conda.anaconda.org/conda-forge/linux-ppc64le/libzlib-1.3.1-h190368a_2.conda
      - conda: https://conda.anaconda.org/conda-forge/linux-ppc64le/lz4-c-1.10.0-h2621725_1.conda
      - conda: https://conda.anaconda.org/conda-forge/linux-ppc64le/lzo-2.10-h0558730_1002.conda
      - conda: https://conda.anaconda.org/conda-forge/linux-ppc64le/oniguruma-6.9.10-h190368a_0.conda
      - conda: https://conda.anaconda.org/conda-forge/linux-ppc64le/openssl-3.6.0-hb9a03e6_0.conda
      - conda: https://conda.anaconda.org/conda-forge/linux-ppc64le/squashfs-tools-4.7.4-h0ee4343_0.conda
      - conda: https://conda.anaconda.org/conda-forge/linux-ppc64le/squashfuse-0.6.1-h07bb1b4_1.conda
      - conda: https://conda.anaconda.org/conda-forge/linux-ppc64le/zstd-1.5.7-h3f5ebd5_6.conda
packages:
- conda: https://conda.anaconda.org/conda-forge/linux-64/_libgcc_mutex-0.1-conda_forge.tar.bz2
  sha256: fe51de6107f9edc7aa4f786a70f4a883943bc9d39b3bb7307c04c41410990726
  md5: d7c89558ba9fa0495403155b64376d81
  license: None
  size: 2562
  timestamp: 1578324546067
- conda: https://conda.anaconda.org/conda-forge/linux-ppc64le/_libgcc_mutex-0.1-conda_forge.tar.bz2
  sha256: 5dd34b412e6274c0614d01a2f616844376ae873dfb8782c2c67d055779de6df6
  md5: e96f48755dc7c9f86c4aecf4cac40477
  license: None
  size: 2550
  timestamp: 1578324511581
- conda: https://conda.anaconda.org/conda-forge/linux-64/_openmp_mutex-4.5-2_gnu.tar.bz2
  build_number: 16
  sha256: fbe2c5e56a653bebb982eda4876a9178aedfc2b545f25d0ce9c4c0b508253d22
  md5: 73aaf86a425cc6e73fcf236a5a46396d
  depends:
  - _libgcc_mutex 0.1 conda_forge
  - libgomp >=7.5.0
  constrains:
  - openmp_impl 9999
  license: BSD-3-Clause
  license_family: BSD
  size: 23621
  timestamp: 1650670423406
- conda: https://conda.anaconda.org/conda-forge/linux-aarch64/_openmp_mutex-4.5-2_gnu.tar.bz2
  build_number: 16
  sha256: 3702bef2f0a4d38bd8288bbe54aace623602a1343c2cfbefd3fa188e015bebf0
  md5: 6168d71addc746e8f2b8d57dfd2edcea
  depends:
  - libgomp >=7.5.0
  constrains:
  - openmp_impl 9999
  license: BSD-3-Clause
  license_family: BSD
  size: 23712
  timestamp: 1650670790230
- conda: https://conda.anaconda.org/conda-forge/linux-ppc64le/_openmp_mutex-4.5-2_gnu.tar.bz2
  build_number: 16
  sha256: 4c89c2067cf5e7b0fbbdc3200c3f7affa5896e14812acf10f51575be87ae0c05
  md5: 3e41cbaba7e4988d15a24c4e85e6171b
  depends:
  - _libgcc_mutex 0.1 conda_forge
  - libgomp >=7.5.0
  constrains:
  - openmp_impl 9999
  license: BSD-3-Clause
  license_family: BSD
  size: 23710
  timestamp: 1650671119831
- conda: https://conda.anaconda.org/conda-forge/linux-64/apptainer-1.4.5-h6ccafba_0.conda
  sha256: aa34ebc55ab69fea3e42d3ffe26ee4169794be1d1ffadadc5a35857554c3dddb
  md5: d09c947d2f15fa9e36e5377ad93a6277
  depends:
  - __glibc >=2.17
  - __glibc >=2.17,<3.0.a0
  - cni-plugins >=0.7.4
  - fuse-overlayfs
  - gocryptfs
  - libarchive >=3.8.2,<3.9.0a0
  - libgcc >=14
  - libseccomp >=2.4.4,<3.0a0
  - libstdcxx >=14
  - libuuid >=2.41.2,<3.0a0
  - openssl >=3.5.4,<4.0a0
  - squashfs-tools
  - squashfuse
  constrains:
  - singularity ==9999999999
  license: BSD-3-Clause
  license_family: BSD
  size: 21979472
  timestamp: 1764716258107
- conda: https://conda.anaconda.org/conda-forge/linux-aarch64/apptainer-1.4.5-hb8e6bbc_0.conda
  sha256: fc35c3f913f57b5ea36fc79499422e1c15416ec3a89dc0488b8cad8c8ec68cf9
  md5: 45f8e4f2c287437bc63309a99ede05f7
  depends:
  - cni-plugins >=0.7.4
  - fuse-overlayfs
  - libarchive >=3.8.2,<3.9.0a0
  - libgcc >=14
  - libseccomp >=2.4.4,<3.0a0
  - libstdcxx >=14
  - libuuid >=2.41.2,<3.0a0
  - openssl >=3.5.4,<4.0a0
  - squashfs-tools
  - squashfuse
  constrains:
  - singularity ==9999999999
  license: BSD-3-Clause
  license_family: BSD
  size: 19747442
  timestamp: 1764725021123
- conda: https://conda.anaconda.org/conda-forge/linux-ppc64le/apptainer-1.4.5-h74241f0_0.conda
  sha256: 125edac3d9a5c73e5bee341f0b440ef4a00fa03dfabd7558c147ba0d667fcf63
  md5: 035d80d44b622c2322a9486c962ea13d
  depends:
  - cni-plugins >=0.7.4
  - fuse-overlayfs
  - libarchive >=3.8.2,<3.9.0a0
  - libgcc >=14
  - libseccomp >=2.4.4,<3.0a0
  - libstdcxx >=14
  - libuuid >=2.41.2,<3.0a0
  - openssl >=3.5.4,<4.0a0
  - squashfs-tools
  - squashfuse
  constrains:
  - singularity ==9999999999
  license: BSD-3-Clause
  license_family: BSD
  size: 19263628
  timestamp: 1764719991525
- conda: https://conda.anaconda.org/conda-forge/linux-64/bzip2-1.0.8-hda65f42_8.conda
  sha256: c30daba32ddebbb7ded490f0e371eae90f51e72db620554089103b4a6934b0d5
  md5: 51a19bba1b8ebfb60df25cde030b7ebc
  depends:
  - __glibc >=2.17,<3.0.a0
  - libgcc >=14
  license: bzip2-1.0.6
  license_family: BSD
  size: 260341
  timestamp: 1757437258798
- conda: https://conda.anaconda.org/conda-forge/linux-aarch64/bzip2-1.0.8-h4777abc_8.conda
  sha256: d2a296aa0b5f38ed9c264def6cf775c0ccb0f110ae156fcde322f3eccebf2e01
  md5: 2921ac0b541bf37c69e66bd6d9a43bca
  depends:
  - libgcc >=14
  license: bzip2-1.0.6
  license_family: BSD
  size: 192536
  timestamp: 1757437302703
- conda: https://conda.anaconda.org/conda-forge/linux-ppc64le/bzip2-1.0.8-heb0841c_8.conda
  sha256: 08583219e04e9831624fe8b382d91c59e196b156c7680ba4b1c370568f4a0d9a
  md5: 594e634d07a75c72b09085d61a2ddcf1
  depends:
  - libgcc >=14
  license: bzip2-1.0.6
  license_family: BSD
  size: 204568
  timestamp: 1757437305722
- conda: https://conda.anaconda.org/conda-forge/noarch/ca-certificates-2026.1.4-hbd8a1cb_0.conda
  sha256: b5974ec9b50e3c514a382335efa81ed02b05906849827a34061c496f4defa0b2
  md5: bddacf101bb4dd0e51811cb69c7790e2
  depends:
  - __unix
  license: ISC
  size: 146519
  timestamp: 1767500828366
- conda: https://conda.anaconda.org/conda-forge/linux-64/cni-1.0.1-ha975731_1.tar.bz2
  sha256: 4d83a78ca08a6e40f48bc2d93cc8646959e175bd21b97dc055e44558605a3984
  md5: 58f92707fb5595c8cd90d278f602011c
  depends:
  - jq
  - libgcc-ng >=9.4.0
  license: Apache-2.0
  license_family: Apache
  size: 1768993
  timestamp: 1643043326782
- conda: https://conda.anaconda.org/conda-forge/linux-aarch64/cni-1.0.1-h80d9677_0.tar.bz2
  sha256: b69b11a48a19a4421d2f2a53e065b36c4cd0e7d44956f826c7b34730d9472b73
  md5: 5f67bbbf4b7d6151b8f4d085441b3322
  depends:
  - jq
  - libgcc-ng >=9.4.0
  license: Apache-2.0
  license_family: Apache
  size: 1674303
  timestamp: 1631546880145
- conda: https://conda.anaconda.org/conda-forge/linux-ppc64le/cni-0.8.0-hb525aa0_0.tar.bz2
  sha256: 348b9585e7f17c8275250112dfe88bd6d1eecf88a8c66d3287aa26780da28503
  md5: f96a6a4df1a891413b15128c123724f6
  depends:
  - jq
  - libgcc-ng >=8.4.0
  license: Apache-2.0
  license_family: Apache
  size: 1678300
  timestamp: 1602090246337
- conda: https://conda.anaconda.org/conda-forge/linux-64/cni-plugins-1.3.0-ha8f183a_0.conda
  sha256: 0bc7985c802700112d0e6de90bebf300518a7bf68d2767b5654ce7f90bc98245
  md5: 7b19dcc220b79ec9249ecf2f4e671986
  depends:
  - cni 1.0.1.*
  license: Apache-2.0
  license_family: Apache
  size: 30645988
  timestamp: 1689423051718
- conda: https://conda.anaconda.org/conda-forge/linux-aarch64/cni-plugins-1.3.0-h652cbe9_0.conda
  sha256: 177428c64357552d553a868c90a764f7aabe0457bf2cfa92562dbb509a92c35d
  md5: 8b8de8bfad2fe81a71bb14ce41363629
  depends:
  - cni 1.0.1.*
  license: Apache-2.0
  license_family: Apache
  size: 28568852
  timestamp: 1689422936272
- conda: https://conda.anaconda.org/conda-forge/linux-ppc64le/cni-plugins-0.9.1-hdeebcfe_0.tar.bz2
  sha256: b8993fe6fca01f82da3d546911b64f76ec0db3065e109ac8a238bd432fd8b67b
  md5: 696d687492ab50c4d1cfebfa6ee8c378
  depends:
  - cni 0.8.0.*
  license: Apache-2.0
  license_family: Apache
  size: 36402777
  timestamp: 1613249114866
- conda: https://conda.anaconda.org/conda-forge/linux-64/fuse-overlayfs-1.16-ha5fcf3e_1.conda
  sha256: 52b5405b80340544b77d4b50081a7c97a43364991649325ebd84ac334e0bd919
  md5: f2266d4f0c70e1188e532b5b3f7c1503
  depends:
  - __glibc >=2.17,<3.0.a0
  - libfuse3 >=3.18.0,<4.0a0
  - libgcc >=14
  license: GPL-3.0-or-later
  license_family: GPL
  size: 58878
  timestamp: 1766170267806
- conda: https://conda.anaconda.org/conda-forge/linux-aarch64/fuse-overlayfs-1.16-hde7ff99_1.conda
  sha256: f757049e625cdfa8c85f4bb5ae1113466db327666e3817b90f152a8b284f52ff
  md5: 5fccda530a5f21f8604b414c7d0b0f73
  depends:
  - libfuse3 >=3.18.0,<4.0a0
  - libgcc >=14
  license: GPL-3.0-or-later
  license_family: GPL
  size: 62687
  timestamp: 1766170300730
- conda: https://conda.anaconda.org/conda-forge/linux-ppc64le/fuse-overlayfs-1.16-hf82ce0d_1.conda
  sha256: 680554823b586ccc5a1f567a7b010a0ad8a643261d4651cd1a4d52f94ced0224
  md5: d3544c291011f4f6f0b5ce7f07c4dc40
  depends:
  - libfuse3 >=3.18.0,<4.0a0
  - libgcc >=14
  license: GPL-3.0-or-later
  license_family: GPL
  size: 67222
  timestamp: 1766170240473
- conda: https://conda.anaconda.org/conda-forge/linux-64/gocryptfs-2.6.1-ha770c72_0.conda
  sha256: ce4a5def3bb39644f1b3b9e948a6c897dbae5b3a47d93011447757990d257838
  md5: bb437fbff41ae6014e00e92a3121ab9f
  license: MIT
  license_family: MIT
  size: 3874149
  timestamp: 1754972186137
- conda: https://conda.anaconda.org/conda-forge/linux-64/icu-78.2-h33c6efd_0.conda
  sha256: 142a722072fa96cf16ff98eaaf641f54ab84744af81754c292cb81e0881c0329
  md5: 186a18e3ba246eccfc7cff00cd19a870
  depends:
  - __glibc >=2.17,<3.0.a0
  - libgcc >=14
  - libstdcxx >=14
  license: MIT
  license_family: MIT
  size: 12728445
  timestamp: 1767969922681
- conda: https://conda.anaconda.org/conda-forge/linux-aarch64/icu-78.2-hb1525cb_0.conda
  sha256: 09f7f9213eb68e7e4291cd476e72b37f3ded99ed957528567f32f5ba6b611043
  md5: 15b35dc33e185e7d2aac1cfcd6778627
  depends:
  - libgcc >=14
  - libstdcxx >=14
  license: MIT
  license_family: MIT
  size: 12852963
  timestamp: 1767975394622
- conda: https://conda.anaconda.org/conda-forge/linux-ppc64le/icu-78.2-hdfe7835_0.conda
  sha256: d924308699956c83743c1d64eb015e56c05f39025f4571e675ccbdb837aa1cab
  md5: aa777696f7b43de1aaed2f82dc4e589f
  depends:
  - libgcc
  - libgcc-ng >=7.5.0
  - libstdcxx
  - libstdcxx-ng >=7.5.0
  license: MIT
  license_family: MIT
  size: 13137315
  timestamp: 1767970133462
- conda: https://conda.anaconda.org/conda-forge/linux-64/jq-1.8.1-h73b1eb8_0.conda
  sha256: ab26cb11ad0d10f5c6637d925b044c74a3eacb5825686d3720313b3cb6d40cef
  md5: 2714e43bfc035f7ef26796632aa1b523
  depends:
  - oniguruma 6.9.*
  - libgcc >=13
  - __glibc >=2.17,<3.0.a0
  - oniguruma >=6.9.10,<6.10.0a0
  license: MIT
  license_family: MIT
  size: 313184
  timestamp: 1751447310552
- conda: https://conda.anaconda.org/conda-forge/linux-aarch64/jq-1.8.1-h06eaf92_0.conda
  sha256: 1a37728f3ba8d1091be43437821a9e81830d8d2761955476d8533065854cdd4f
  md5: a0d5124dde80081976ff6f1418571e94
  depends:
  - oniguruma 6.9.*
  - libgcc >=13
  - oniguruma >=6.9.10,<6.10.0a0
  license: MIT
  license_family: MIT
  size: 344137
  timestamp: 1751447450170
- conda: https://conda.anaconda.org/conda-forge/linux-ppc64le/jq-1.7.1-ha17a0cc_0.conda
  sha256: 90e0774fadfa3155632b5edccf3bfde789e8d2d119127c6ef3c56142048487a4
  md5: 6d1e7da3a2518bb6968933313e608114
  depends:
  - libgcc-ng >=12
  - oniguruma 6.9.*
  - oniguruma >=6.9.9,<6.10.0a0
  license: MIT
  license_family: MIT
  size: 405804
  timestamp: 1702503318526
- conda: https://conda.anaconda.org/conda-forge/linux-64/libarchive-3.8.5-gpl_hc2c16d8_100.conda
  sha256: ee2cf1499a5a5fd5f03c6203597fe14bf28c6ca2a8fffb761e41f3cf371e768e
  md5: 5fdaa8b856683a5598459dead3976578
  depends:
  - __glibc >=2.17,<3.0.a0
  - bzip2 >=1.0.8,<2.0a0
  - libgcc >=14
  - liblzma >=5.8.1,<6.0a0
  - libxml2
  - libxml2-16 >=2.14.6
  - libzlib >=1.3.1,<2.0a0
  - lz4-c >=1.10.0,<1.11.0a0
  - lzo >=2.10,<3.0a0
  - openssl >=3.5.4,<4.0a0
  - zstd >=1.5.7,<1.6.0a0
  license: BSD-2-Clause
  license_family: BSD
  size: 886102
  timestamp: 1767630453053
- conda: https://conda.anaconda.org/conda-forge/linux-aarch64/libarchive-3.8.5-gpl_hbe7d12b_100.conda
  sha256: 23422c1eb7f5f05a1cd4acab5ed4d8ae4abf360eda52628ea3f05230bef917b3
  md5: a3926f266064d00a31cb00510ebb031d
  depends:
  - bzip2 >=1.0.8,<2.0a0
  - libgcc >=14
  - liblzma >=5.8.1,<6.0a0
  - libxml2
  - libxml2-16 >=2.14.6
  - libzlib >=1.3.1,<2.0a0
  - lz4-c >=1.10.0,<1.11.0a0
  - lzo >=2.10,<3.0a0
  - openssl >=3.5.4,<4.0a0
  - zstd >=1.5.7,<1.6.0a0
  license: BSD-2-Clause
  license_family: BSD
  size: 1002688
  timestamp: 1767630660506
- conda: https://conda.anaconda.org/conda-forge/linux-ppc64le/libarchive-3.8.5-gpl_h3607b38_100.conda
  sha256: cff1ee810f3211f7abdca09f47d7befb7543cd08ed9e7b2102c47c30731ea45d
  md5: 9356fd76ee628b5b0b2cf341e3faae07
  depends:
  - bzip2 >=1.0.8,<2.0a0
  - libgcc >=14
  - liblzma >=5.8.1,<6.0a0
  - libxml2
  - libxml2-16 >=2.14.6
  - libzlib >=1.3.1,<2.0a0
  - lz4-c >=1.10.0,<1.11.0a0
  - lzo >=2.10,<3.0a0
  - openssl >=3.5.4,<4.0a0
  - zstd >=1.5.7,<1.6.0a0
  license: BSD-2-Clause
  license_family: BSD
  size: 1090719
  timestamp: 1767630588748
- conda: https://conda.anaconda.org/conda-forge/linux-64/libfuse3-3.18.1-h9a46e9c_0.conda
  sha256: 78f7b5cdbe11de46ce002051b7f7704a5355adcd1981ef4bab5a257f2de768c0
  md5: 05fc8ed4897addcb7a3dacf828f0e64d
  depends:
  - __glibc >=2.17,<3.0.a0
  - libgcc >=14
  - libiconv >=1.18,<2.0a0
  constrains:
  - libfuse <3
  license: LGPL-2.1-only AND GPL-2.0-only
  license_family: GPL
  size: 444602
  timestamp: 1766280090297
- conda: https://conda.anaconda.org/conda-forge/linux-aarch64/libfuse3-3.18.1-hdcbcb3a_0.conda
  sha256: 8513c0a90bfa26f5fa297dd2b1d328b004028c65106fcc1c113ab625c0575bf1
  md5: af19ddf73cc4053ca6146270c152bf3b
  depends:
  - libgcc >=14
  - libiconv >=1.18,<2.0a0
  constrains:
  - libfuse <3
  license: LGPL-2.1-only AND GPL-2.0-only
  license_family: GPL
  size: 447792
  timestamp: 1766280162630
- conda: https://conda.anaconda.org/conda-forge/linux-ppc64le/libfuse3-3.18.1-hfee04b5_0.conda
  sha256: 88eca07f81a0ed3f20ffb7f9b0f2073d03923431cea6fc433281dd76440ae0fa
  md5: ceef380e04b59fc1db36aa37f75b1559
  depends:
  - libgcc >=14
  - libiconv >=1.18,<2.0a0
  constrains:
  - libfuse <3
  license: LGPL-2.1-only AND GPL-2.0-only
  license_family: GPL
  size: 455969
  timestamp: 1766280049230
- conda: https://conda.anaconda.org/conda-forge/linux-64/libgcc-15.2.0-he0feb66_16.conda
  sha256: 6eed58051c2e12b804d53ceff5994a350c61baf117ec83f5f10c953a3f311451
  md5: 6d0363467e6ed84f11435eb309f2ff06
  depends:
  - __glibc >=2.17,<3.0.a0
  - _openmp_mutex >=4.5
  constrains:
  - libgcc-ng ==15.2.0=*_16
  - libgomp 15.2.0 he0feb66_16
  license: GPL-3.0-only WITH GCC-exception-3.1
  license_family: GPL
  size: 1042798
  timestamp: 1765256792743
- conda: https://conda.anaconda.org/conda-forge/linux-aarch64/libgcc-15.2.0-h8acb6b2_16.conda
  sha256: 44bfc6fe16236babb271e0c693fe7fd978f336542e23c9c30e700483796ed30b
  md5: cf9cd6739a3b694dcf551d898e112331
  depends:
  - _openmp_mutex >=4.5
  constrains:
  - libgomp 15.2.0 h8acb6b2_16
  - libgcc-ng ==15.2.0=*_16
  license: GPL-3.0-only WITH GCC-exception-3.1
  license_family: GPL
  size: 620637
  timestamp: 1765256938043
- conda: https://conda.anaconda.org/conda-forge/linux-ppc64le/libgcc-15.2.0-h80f490b_16.conda
  sha256: 2da1698209558b45ccd1d239e11ce17ae39b109f0115b68000fd7e930b6a2ef5
  md5: e7a853d14b26a1178de3356603ff2185
  depends:
  - _openmp_mutex >=4.5
  constrains:
  - libgomp 15.2.0 h80f490b_16
  - libgcc-ng ==15.2.0=*_16
  license: GPL-3.0-only WITH GCC-exception-3.1
  license_family: GPL
  size: 919356
  timestamp: 1765259153477
- conda: https://conda.anaconda.org/conda-forge/linux-64/libgcc-ng-15.2.0-h69a702a_16.conda
  sha256: 5f07f9317f596a201cc6e095e5fc92621afca64829785e483738d935f8cab361
  md5: 5a68259fac2da8f2ee6f7bfe49c9eb8b
  depends:
  - libgcc 15.2.0 he0feb66_16
  license: GPL-3.0-only WITH GCC-exception-3.1
  license_family: GPL
  size: 27256
  timestamp: 1765256804124
- conda: https://conda.anaconda.org/conda-forge/linux-aarch64/libgcc-ng-15.2.0-he9431aa_16.conda
  sha256: 22d7e63a00c880bd14fbbc514ec6f553b9325d705f08582e9076c7e73c93a2e1
  md5: 3e54a6d0f2ff0172903c0acfda9efc0e
  depends:
  - libgcc 15.2.0 h8acb6b2_16
  license: GPL-3.0-only WITH GCC-exception-3.1
  license_family: GPL
  size: 27356
  timestamp: 1765256948637
- conda: https://conda.anaconda.org/conda-forge/linux-ppc64le/libgcc-ng-15.2.0-hfdc3801_16.conda
  sha256: 08c807246ee309b3e3f84460d31b86306ca9ce102bd7a626055f78b724cd8c07
  md5: 076ca7bf494603bcec9ea59eb831c514
  depends:
  - libgcc 15.2.0 h80f490b_16
  license: GPL-3.0-only WITH GCC-exception-3.1
  license_family: GPL
  size: 27297
  timestamp: 1765259161947
- conda: https://conda.anaconda.org/conda-forge/linux-64/libgomp-15.2.0-he0feb66_16.conda
  sha256: 5b3e5e4e9270ecfcd48f47e3a68f037f5ab0f529ccb223e8e5d5ac75a58fc687
  md5: 26c46f90d0e727e95c6c9498a33a09f3
  depends:
  - __glibc >=2.17,<3.0.a0
  license: GPL-3.0-only WITH GCC-exception-3.1
  license_family: GPL
  size: 603284
  timestamp: 1765256703881
- conda: https://conda.anaconda.org/conda-forge/linux-aarch64/libgomp-15.2.0-h8acb6b2_16.conda
  sha256: 0a9d77c920db691eb42b78c734d70c5a1d00b3110c0867cfff18e9dd69bc3c29
  md5: 4d2f224e8186e7881d53e3aead912f6c
  license: GPL-3.0-only WITH GCC-exception-3.1
  license_family: GPL
  size: 587924
  timestamp: 1765256821307
- conda: https://conda.anaconda.org/conda-forge/linux-ppc64le/libgomp-15.2.0-h80f490b_16.conda
  sha256: ccb65287d1daa93eed6191f87ece22552c785d306b4235318c7a7aa00deaf8d8
  md5: 07186d4de7ba47cf916b5edaf96fb9d4
  license: GPL-3.0-only WITH GCC-exception-3.1
  license_family: GPL
  size: 639592
  timestamp: 1765259060156
- conda: https://conda.anaconda.org/conda-forge/linux-64/libiconv-1.18-h3b78370_2.conda
  sha256: c467851a7312765447155e071752d7bf9bf44d610a5687e32706f480aad2833f
  md5: 915f5995e94f60e9a4826e0b0920ee88
  depends:
  - __glibc >=2.17,<3.0.a0
  - libgcc >=14
  license: LGPL-2.1-only
  size: 790176
  timestamp: 1754908768807
- conda: https://conda.anaconda.org/conda-forge/linux-aarch64/libiconv-1.18-h90929bb_2.conda
  sha256: 1473451cd282b48d24515795a595801c9b65b567fe399d7e12d50b2d6cdb04d9
  md5: 5a86bf847b9b926f3a4f203339748d78
  depends:
  - libgcc >=14
  license: LGPL-2.1-only
  size: 791226
  timestamp: 1754910975665
- conda: https://conda.anaconda.org/conda-forge/linux-ppc64le/libiconv-1.18-h25553c4_2.conda
  sha256: 242e52d3a4c51a76c16e9fb76f9e08e44549a85e4206fdfea778fccf1209ea36
  md5: aa29367f5f5e1629a4c7a7e9d439a7e9
  depends:
  - libgcc >=14
  license: LGPL-2.1-only
  size: 798975
  timestamp: 1754910357848
- conda: https://conda.anaconda.org/conda-forge/linux-64/liblzma-5.8.2-hb03c661_0.conda
  sha256: 755c55ebab181d678c12e49cced893598f2bab22d582fbbf4d8b83c18be207eb
  md5: c7c83eecbb72d88b940c249af56c8b17
  depends:
  - __glibc >=2.17,<3.0.a0
  - libgcc >=14
  constrains:
  - xz 5.8.2.*
  license: 0BSD
  size: 113207
  timestamp: 1768752626120
- conda: https://conda.anaconda.org/conda-forge/linux-aarch64/liblzma-5.8.2-he30d5cf_0.conda
  sha256: 843c46e20519651a3e357a8928352b16c5b94f4cd3d5481acc48be2e93e8f6a3
  md5: 96944e3c92386a12755b94619bae0b35
  depends:
  - libgcc >=14
  constrains:
  - xz 5.8.2.*
  license: 0BSD
  size: 125916
  timestamp: 1768754941722
- conda: https://conda.anaconda.org/conda-forge/linux-ppc64le/liblzma-5.8.2-hfc7e52b_0.conda
  sha256: 4c800d99014512c985988d3e74ad0965cd670352fbc209393be82d74a85ce635
  md5: 8862293c72fa5478539a4cd1fdec639e
  depends:
  - libgcc >=14
  constrains:
  - xz 5.8.2.*
  license: 0BSD
  size: 142000
  timestamp: 1768754618265
- conda: https://conda.anaconda.org/conda-forge/linux-64/libseccomp-2.6.0-hb03c661_0.conda
  sha256: 5702c323cc6e1b9327f4f2aad32269301a4189944cdc847ee3ac9d6f96694d24
  md5: 6b17df90864bfc2b42881b42365968de
  depends:
  - __glibc >=2.17,<3.0.a0
  - libgcc >=14
  license: LGPL-2.1-only
  size: 95153
  timestamp: 1764897052812
- conda: https://conda.anaconda.org/conda-forge/linux-aarch64/libseccomp-2.6.0-he30d5cf_0.conda
  sha256: 5f436181473e0eba30760c921ad9e7fbeb42cb151103d9edcdd0701b2ac4cae5
  md5: 39eda47603cb48668b3f26270634283a
  depends:
  - libgcc >=14
  license: LGPL-2.1-only
  size: 99944
  timestamp: 1764896963537
- conda: https://conda.anaconda.org/conda-forge/linux-ppc64le/libseccomp-2.6.0-hfc7e52b_0.conda
  sha256: 3f8a3ddc4b62f4657dec7dd6a026c4e6e6759c613ded1ff876d5f93538504201
  md5: ba42f6ef66499d7e6211380c80f3308a
  depends:
  - libgcc >=14
  license: LGPL-2.1-only
  size: 107474
  timestamp: 1764896945388
- conda: https://conda.anaconda.org/conda-forge/linux-64/libstdcxx-15.2.0-h934c35e_16.conda
  sha256: 813427918316a00c904723f1dfc3da1bbc1974c5cfe1ed1e704c6f4e0798cbc6
  md5: 68f68355000ec3f1d6f26ea13e8f525f
  depends:
  - __glibc >=2.17,<3.0.a0
  - libgcc 15.2.0 he0feb66_16
  constrains:
  - libstdcxx-ng ==15.2.0=*_16
  license: GPL-3.0-only WITH GCC-exception-3.1
  license_family: GPL
  size: 5856456
  timestamp: 1765256838573
- conda: https://conda.anaconda.org/conda-forge/linux-aarch64/libstdcxx-15.2.0-hef695bb_16.conda
  sha256: 4db11a903707068ae37aa6909511c68e9af6a2e97890d1b73b0a8d87cb74aba9
  md5: 52d9df8055af3f1665ba471cce77da48
  depends:
  - libgcc 15.2.0 h8acb6b2_16
  constrains:
  - libstdcxx-ng ==15.2.0=*_16
  license: GPL-3.0-only WITH GCC-exception-3.1
  license_family: GPL
  size: 5541149
  timestamp: 1765256980783
- conda: https://conda.anaconda.org/conda-forge/linux-ppc64le/libstdcxx-15.2.0-h31c573d_16.conda
  sha256: 8f8c7d2bc66adaa4efd3e67fe9852b5cb5d1deda1ad90da5b7b52170894d5dbf
  md5: 5f4197aaf4a201b686716124e1bdc6e1
  depends:
  - libgcc 15.2.0 h80f490b_16
  constrains:
  - libstdcxx-ng ==15.2.0=*_16
  license: GPL-3.0-only WITH GCC-exception-3.1
  license_family: GPL
  size: 6170443
  timestamp: 1765259189301
- conda: https://conda.anaconda.org/conda-forge/linux-ppc64le/libstdcxx-ng-15.2.0-h6e3988f_16.conda
  sha256: 7f83fd52fd3b8825e52307fe0b4b7847f4b9c366b962f4ada9189a4b0b181a3c
  md5: ac8b0027bef0f7b6a33b26ecd3da5f7c
  depends:
  - libstdcxx 15.2.0 h31c573d_16
  license: GPL-3.0-only WITH GCC-exception-3.1
  license_family: GPL
  size: 27344
  timestamp: 1765259234662
- conda: https://conda.anaconda.org/conda-forge/linux-64/libuuid-2.41.3-h5347b49_0.conda
  sha256: 1a7539cfa7df00714e8943e18de0b06cceef6778e420a5ee3a2a145773758aee
  md5: db409b7c1720428638e7c0d509d3e1b5
  depends:
  - __glibc >=2.17,<3.0.a0
  - libgcc >=14
  license: BSD-3-Clause
  license_family: BSD
  size: 40311
  timestamp: 1766271528534
- conda: https://conda.anaconda.org/conda-forge/linux-aarch64/libuuid-2.41.3-h1022ec0_0.conda
  sha256: c37a8e89b700646f3252608f8368e7eb8e2a44886b92776e57ad7601fc402a11
  md5: cf2861212053d05f27ec49c3784ff8bb
  depends:
  - libgcc >=14
  license: BSD-3-Clause
  license_family: BSD
  size: 43453
  timestamp: 1766271546875
- conda: https://conda.anaconda.org/conda-forge/linux-ppc64le/libuuid-2.41.3-h6ae87ef_0.conda
  sha256: 1ce3e4f91bf3916efdf79eeb27f576495207793e83e3a5dd66f743814a9ff36f
  md5: 856e6542648f19a286bf5bdb751e1211
  depends:
  - libgcc >=14
  license: BSD-3-Clause
  license_family: BSD
  size: 48282
  timestamp: 1766271545766
- conda: https://conda.anaconda.org/conda-forge/linux-64/libxml2-2.15.1-he237659_1.conda
  sha256: 047be059033c394bd32ae5de66ce389824352120b3a7c0eff980195f7ed80357
  md5: 417955234eccd8f252b86a265ccdab7f
  depends:
  - __glibc >=2.17,<3.0.a0
  - icu >=78.1,<79.0a0
  - libgcc >=14
  - libiconv >=1.18,<2.0a0
  - liblzma >=5.8.1,<6.0a0
  - libxml2-16 2.15.1 hca6bf5a_1
  - libzlib >=1.3.1,<2.0a0
  license: MIT
  license_family: MIT
  size: 45402
  timestamp: 1766327161688
- conda: https://conda.anaconda.org/conda-forge/linux-aarch64/libxml2-2.15.1-h825857f_1.conda
  sha256: 9fe997c3e5a8207161d093a5d73f586ae46dc319cb054220086395e150dd1469
  md5: eb4665cdf78fd02d4abc4edf8c15b7b9
  depends:
  - icu >=78.1,<79.0a0
  - libgcc >=14
  - libiconv >=1.18,<2.0a0
  - liblzma >=5.8.1,<6.0a0
  - libxml2-16 2.15.1 h79dcc73_1
  - libzlib >=1.3.1,<2.0a0
  license: MIT
  license_family: MIT
  size: 47725
  timestamp: 1766327143205
- conda: https://conda.anaconda.org/conda-forge/linux-ppc64le/libxml2-2.15.1-h6f55e22_1.conda
  sha256: f506d4e938c7174c0d2eef3c45a8bcaea3a376ad83de062dfcb8f3dd5a9b42de
  md5: d5e390866e1220362eebdcb414afc334
  depends:
  - icu >=78.1,<79.0a0
  - libgcc >=14
  - libiconv >=1.18,<2.0a0
  - liblzma >=5.8.1,<6.0a0
  - libxml2-16 2.15.1 hae3cc47_1
  - libzlib >=1.3.1,<2.0a0
  license: MIT
  license_family: MIT
  size: 49404
  timestamp: 1766327215771
- conda: https://conda.anaconda.org/conda-forge/linux-64/libxml2-16-2.15.1-hca6bf5a_1.conda
  sha256: 8331284bf9ae641b70cdc0e5866502dd80055fc3b9350979c74bb1d192e8e09e
  md5: 3fdd8d99683da9fe279c2f4cecd1e048
  depends:
  - __glibc >=2.17,<3.0.a0
  - icu >=78.1,<79.0a0
  - libgcc >=14
  - libiconv >=1.18,<2.0a0
  - liblzma >=5.8.1,<6.0a0
  - libzlib >=1.3.1,<2.0a0
  constrains:
  - libxml2 2.15.1
  license: MIT
  license_family: MIT
  size: 555747
  timestamp: 1766327145986
- conda: https://conda.anaconda.org/conda-forge/linux-aarch64/libxml2-16-2.15.1-h79dcc73_1.conda
  sha256: c76951407554d69dd348151f91cc2dc164efbd679b4f4e77deb2f9aa6eba3c12
  md5: e42758e7b065c34fd1b0e5143752f970
  depends:
  - icu >=78.1,<79.0a0
  - libgcc >=14
  - libiconv >=1.18,<2.0a0
  - liblzma >=5.8.1,<6.0a0
  - libzlib >=1.3.1,<2.0a0
  constrains:
  - libxml2 2.15.1
  license: MIT
  license_family: MIT
  size: 599721
  timestamp: 1766327134458
- conda: https://conda.anaconda.org/conda-forge/linux-ppc64le/libxml2-16-2.15.1-hae3cc47_1.conda
  sha256: ef1a5187ca81d216eda1ca3d26b4496f9456de0310c9183164339a08a1353006
  md5: 209cea8e0ae3fad342480f49e93e1127
  depends:
  - icu >=78.1,<79.0a0
  - libgcc >=14
  - libiconv >=1.18,<2.0a0
  - liblzma >=5.8.1,<6.0a0
  - libzlib >=1.3.1,<2.0a0
  constrains:
  - libxml2 2.15.1
  license: MIT
  license_family: MIT
  size: 677331
  timestamp: 1766327204847
- conda: https://conda.anaconda.org/conda-forge/linux-64/libzlib-1.3.1-hb9d3cd8_2.conda
  sha256: d4bfe88d7cb447768e31650f06257995601f89076080e76df55e3112d4e47dc4
  md5: edb0dca6bc32e4f4789199455a1dbeb8
  depends:
  - __glibc >=2.17,<3.0.a0
  - libgcc >=13
  constrains:
  - zlib 1.3.1 *_2
  license: Zlib
  license_family: Other
  size: 60963
  timestamp: 1727963148474
- conda: https://conda.anaconda.org/conda-forge/linux-aarch64/libzlib-1.3.1-h86ecc28_2.conda
  sha256: 5a2c1eeef69342e88a98d1d95bff1603727ab1ff4ee0e421522acd8813439b84
  md5: 08aad7cbe9f5a6b460d0976076b6ae64
  depends:
  - libgcc >=13
  constrains:
  - zlib 1.3.1 *_2
  license: Zlib
  license_family: Other
  size: 66657
  timestamp: 1727963199518
- conda: https://conda.anaconda.org/conda-forge/linux-ppc64le/libzlib-1.3.1-h190368a_2.conda
  sha256: 05216f74566f6ede1161c99fc4fbbcc9ca9095069c81c937e6384582cefe49c9
  md5: 4ac019aac4dbff4728ef133b8ec3a913
  depends:
  - libgcc >=13
  constrains:
  - zlib 1.3.1 *_2
  license: Zlib
  license_family: Other
  size: 69388
  timestamp: 1727963207653
- conda: https://conda.anaconda.org/conda-forge/linux-64/lz4-c-1.10.0-h5888daf_1.conda
  sha256: 47326f811392a5fd3055f0f773036c392d26fdb32e4d8e7a8197eed951489346
  md5: 9de5350a85c4a20c685259b889aa6393
  depends:
  - __glibc >=2.17,<3.0.a0
  - libgcc >=13
  - libstdcxx >=13
  license: BSD-2-Clause
  license_family: BSD
  size: 167055
  timestamp: 1733741040117
- conda: https://conda.anaconda.org/conda-forge/linux-aarch64/lz4-c-1.10.0-h5ad3122_1.conda
  sha256: 67e55058d275beea76c1882399640c37b5be8be4eb39354c94b610928e9a0573
  md5: 6654e411da94011e8fbe004eacb8fe11
  depends:
  - libgcc >=13
  - libstdcxx >=13
  license: BSD-2-Clause
  license_family: BSD
  size: 184953
  timestamp: 1733740984533
- conda: https://conda.anaconda.org/conda-forge/linux-ppc64le/lz4-c-1.10.0-h2621725_1.conda
  sha256: c496e8a9ee1755ca8099b33234e5410ffe0d6e0c8aa927f4c9b0356502c2b836
  md5: 37dc0f99a7bcd4715a077c94f05f921a
  depends:
  - libgcc >=13
  - libstdcxx >=13
  license: BSD-2-Clause
  license_family: BSD
  size: 201246
  timestamp: 1733741483520
- conda: https://conda.anaconda.org/conda-forge/linux-64/lzo-2.10-h280c20c_1002.conda
  sha256: 5c6bbeec116e29f08e3dad3d0524e9bc5527098e12fc432c0e5ca53ea16337d4
  md5: 45161d96307e3a447cc3eb5896cf6f8c
  depends:
  - libgcc >=14
  - __glibc >=2.17,<3.0.a0
  license: GPL-2.0-or-later
  license_family: GPL
  size: 191060
  timestamp: 1753889274283
- conda: https://conda.anaconda.org/conda-forge/linux-aarch64/lzo-2.10-h80f16a2_1002.conda
  sha256: 036428c7b9fd22889108d04c91cecc431f95dc3dba2ede3057330c8125080fd5
  md5: 97af2e332449dd9e92ad7db93b02e918
  depends:
  - libgcc >=14
  license: GPL-2.0-or-later
  license_family: GPL
  size: 190187
  timestamp: 1753889356434
- conda: https://conda.anaconda.org/conda-forge/linux-ppc64le/lzo-2.10-h0558730_1002.conda
  sha256: df97cb8811423f5749fecb685c5a2c4032fbbfade1a362584e56fa45a7c390c3
  md5: 2235935a647405dea6ad843050fa2ae7
  depends:
  - libgcc >=14
  license: GPL-2.0-or-later
  license_family: GPL
  size: 209113
  timestamp: 1753889285634
- conda: https://conda.anaconda.org/conda-forge/linux-64/oniguruma-6.9.10-hb9d3cd8_0.conda
  sha256: bbff8a60f70d5ebab138b564554f28258472e1e63178614562d4feee29d10da2
  md5: 6ce853cb231f18576d2db5c2d4cb473e
  depends:
  - __glibc >=2.17,<3.0.a0
  - libgcc >=13
  license: BSD-2-Clause
  license_family: BSD
  size: 248670
  timestamp: 1735727084819
- conda: https://conda.anaconda.org/conda-forge/linux-aarch64/oniguruma-6.9.10-h86ecc28_0.conda
  sha256: c876e7bde137d7fdf065fb16e5e2969026fafa6420e71f93e4abe43bccbfa0c4
  md5: 35c0c3113a0cfd9381940ba7f01a961e
  depends:
  - libgcc >=13
  license: BSD-2-Clause
  license_family: BSD
  size: 253511
  timestamp: 1735729164909
- conda: https://conda.anaconda.org/conda-forge/linux-ppc64le/oniguruma-6.9.10-h190368a_0.conda
  sha256: 39389b62905fdef9124dae2e4002d82f7cd6956ba572be882eb3919e2b8fcd71
  md5: 36a46d96d63424bd3875d45678ceeeb4
  depends:
  - libgcc >=13
  license: BSD-2-Clause
  license_family: BSD
  size: 292051
  timestamp: 1735728555309
- conda: https://conda.anaconda.org/conda-forge/linux-64/openssl-3.6.0-h26f9b46_0.conda
  sha256: a47271202f4518a484956968335b2521409c8173e123ab381e775c358c67fe6d
  md5: 9ee58d5c534af06558933af3c845a780
  depends:
  - __glibc >=2.17,<3.0.a0
  - ca-certificates
  - libgcc >=14
  license: Apache-2.0
  license_family: Apache
  size: 3165399
  timestamp: 1762839186699
- conda: https://conda.anaconda.org/conda-forge/linux-aarch64/openssl-3.6.0-h8e36d6e_0.conda
  sha256: 8dd3b4c31fe176a3e51c5729b2c7f4c836a2ce3bd5c82082dc2a503ba9ee0af3
  md5: 7624c6e01aecba942e9115e0f5a2af9d
  depends:
  - ca-certificates
  - libgcc >=14
  license: Apache-2.0
  license_family: Apache
  size: 3705625
  timestamp: 1762841024958
- conda: https://conda.anaconda.org/conda-forge/linux-ppc64le/openssl-3.6.0-hb9a03e6_0.conda
  sha256: 57177c889e0d7ce715f8f4f91fd3d655d7030f7338d88ed9c510d9fe24fed577
  md5: 64cf5de2aecdb00abfaf28167b0ff179
  depends:
  - ca-certificates
  - libgcc >=14
  license: Apache-2.0
  license_family: Apache
  size: 3367749
  timestamp: 1762841916210
- conda: https://conda.anaconda.org/conda-forge/linux-64/squashfs-tools-4.7.4-hb4e62d2_0.conda
  sha256: 0bea6da3e2309b25d49f1fce3557dc6d961ada83b55fba791054370cbc169590
  md5: 92b446e7c169dbcc57945dd4b2d76c49
  depends:
  - __glibc >=2.17,<3.0.a0
  - libgcc >=14
  - liblzma >=5.8.1,<6.0a0
  - libzlib >=1.3.1,<2.0a0
  - lz4-c >=1.10.0,<1.11.0a0
  - lzo >=2.10,<3.0a0
  - zstd >=1.5.7,<1.6.0a0
  license: GPL-2.0-or-later
  license_family: GPL
  size: 255602
  timestamp: 1764337666455
- conda: https://conda.anaconda.org/conda-forge/linux-aarch64/squashfs-tools-4.7.4-hc071bb0_0.conda
  sha256: b2422cd4452a6d2492243ebbb3b6a9d3e4c20c9feebe7c0d7bed13322eab58ac
  md5: b4b1f9c63e414ca29914962235907a33
  depends:
  - libgcc >=14
  - liblzma >=5.8.1,<6.0a0
  - libzlib >=1.3.1,<2.0a0
  - lz4-c >=1.10.0,<1.11.0a0
  - lzo >=2.10,<3.0a0
  - zstd >=1.5.7,<1.6.0a0
  license: GPL-2.0-or-later
  license_family: GPL
  size: 264542
  timestamp: 1764337680697
- conda: https://conda.anaconda.org/conda-forge/linux-ppc64le/squashfs-tools-4.7.4-h0ee4343_0.conda
  sha256: c615bed11c2d5f6c5bdbddda3dae834ddf357c8fdde4cf43b3eed7386ad8ad26
  md5: 64d3cece829ce3b3e9a1bc30d731abdd
  depends:
  - libgcc >=14
  - liblzma >=5.8.1,<6.0a0
  - libzlib >=1.3.1,<2.0a0
  - lz4-c >=1.10.0,<1.11.0a0
  - lzo >=2.10,<3.0a0
  - zstd >=1.5.7,<1.6.0a0
  license: GPL-2.0-or-later
  license_family: GPL
  size: 276619
  timestamp: 1764337685361
- conda: https://conda.anaconda.org/conda-forge/linux-64/squashfuse-0.6.1-hb8971b7_1.conda
  sha256: 44e9cba06e0fdce1520891f0bda7691e1f41ab221e5773016e45cb0dda21a47d
  md5: b900adfc16e5367aa80929e66809aff2
  depends:
  - __glibc >=2.17,<3.0.a0
  - libfuse3 >=3.18.0,<4.0a0
  - libgcc >=14
  - liblzma >=5.8.1,<6.0a0
  - libzlib >=1.3.1,<2.0a0
  - lz4-c >=1.10.0,<1.11.0a0
  - lzo >=2.10,<3.0a0
  - zstd >=1.5.7,<1.6.0a0
  license: BSD-2-Clause
  license_family: BSD
  size: 64133
  timestamp: 1766138155082
- conda: https://conda.anaconda.org/conda-forge/linux-aarch64/squashfuse-0.6.1-h46c73cc_1.conda
  sha256: 0795996d9c47b8d06563d343671166b5e2ef3404c0f14f465c807cdeaf89d821
  md5: 6da50895dbc892fb7ef91995282f2c06
  depends:
  - libfuse3 >=3.18.0,<4.0a0
  - libgcc >=14
  - liblzma >=5.8.1,<6.0a0
  - libzlib >=1.3.1,<2.0a0
  - lz4-c >=1.10.0,<1.11.0a0
  - lzo >=2.10,<3.0a0
  - zstd >=1.5.7,<1.6.0a0
  license: BSD-2-Clause
  license_family: BSD
  size: 73821
  timestamp: 1766141061115
- conda: https://conda.anaconda.org/conda-forge/linux-ppc64le/squashfuse-0.6.1-h07bb1b4_1.conda
  sha256: c410508e237d58c01c28c47704f94231a21f369ee652b44a834379b35634b389
  md5: b382409baf29298ab1e812dc63410101
  depends:
  - libfuse3 >=3.18.0,<4.0a0
  - libgcc >=14
  - liblzma >=5.8.1,<6.0a0
  - libzlib >=1.3.1,<2.0a0
  - lz4-c >=1.10.0,<1.11.0a0
  - lzo >=2.10,<3.0a0
  - zstd >=1.5.7,<1.6.0a0
  license: BSD-2-Clause
  license_family: BSD
  size: 72701
  timestamp: 1766139795876
- conda: https://conda.anaconda.org/conda-forge/linux-64/zstd-1.5.7-hb78ec9c_6.conda
  sha256: 68f0206ca6e98fea941e5717cec780ed2873ffabc0e1ed34428c061e2c6268c7
  md5: 4a13eeac0b5c8e5b8ab496e6c4ddd829
  depends:
  - __glibc >=2.17,<3.0.a0
  - libzlib >=1.3.1,<2.0a0
  license: BSD-3-Clause
  license_family: BSD
  size: 601375
  timestamp: 1764777111296
- conda: https://conda.anaconda.org/conda-forge/linux-aarch64/zstd-1.5.7-h85ac4a6_6.conda
  sha256: 569990cf12e46f9df540275146da567d9c618c1e9c7a0bc9d9cfefadaed20b75
  md5: c3655f82dcea2aa179b291e7099c1fcc
  depends:
  - libzlib >=1.3.1,<2.0a0
  license: BSD-3-Clause
  license_family: BSD
  size: 614429
  timestamp: 1764777145593
- conda: https://conda.anaconda.org/conda-forge/linux-ppc64le/zstd-1.5.7-h3f5ebd5_6.conda
  sha256: 7eacc2bdd21c81ccab5a6dafece8f7f435085ef0c9627fb23859f3f77c907255
  md5: 9739dbfe80549a4be2d362a0c2dc70ff
  depends:
  - libzlib >=1.3.1,<2.0a0
  license: BSD-3-Clause
  license_family: BSD
  size: 691971
  timestamp: 1764777153775
