version: 6
environments:
  default:
    channels:
    - url: https://conda.anaconda.org/conda-forge/
    options:
      pypi-prerelease-mode: if-necessary-or-explicit
    packages:
      linux-64:
      - conda: https://conda.anaconda.org/conda-forge/linux-64/_libgcc_mutex-0.1-conda_forge.tar.bz2
      - conda: https://conda.anaconda.org/conda-forge/linux-64/_openmp_mutex-4.5-2_gnu.tar.bz2
      - conda: https://conda.anaconda.org/conda-forge/noarch/ca-certificates-2026.1.4-hbd8a1cb_0.conda
      - conda: https://conda.anaconda.org/conda-forge/linux-64/libgcc-15.2.0-he0feb66_16.conda
      - conda: https://conda.anaconda.org/conda-forge/linux-64/libgcc-ng-15.2.0-h69a702a_16.conda
      - conda: https://conda.anaconda.org/conda-forge/linux-64/libgomp-15.2.0-he0feb66_16.conda
      - conda: https://conda.anaconda.org/conda-forge/linux-64/libstdcxx-15.2.0-h934c35e_16.conda
      - conda: https://conda.anaconda.org/conda-forge/linux-64/libstdcxx-ng-15.2.0-hdf11a46_16.conda
      - conda: https://conda.anaconda.org/conda-forge/linux-64/openssl-3.6.0-h26f9b46_0.conda
      - conda: https://conda.anaconda.org/conda-forge/linux-64/patchelf-0.17.2-h58526e2_0.conda
      - conda: https://conda.anaconda.org/conda-forge/linux-64/rattler-build-0.55.1-he64ecbb_0.conda
      linux-aarch64:
      - conda: https://conda.anaconda.org/conda-forge/linux-aarch64/_openmp_mutex-4.5-2_gnu.tar.bz2
      - conda: https://conda.anaconda.org/conda-forge/noarch/ca-certificates-2026.1.4-hbd8a1cb_0.conda
      - conda: https://conda.anaconda.org/conda-forge/linux-aarch64/libgcc-15.2.0-h8acb6b2_16.conda
      - conda: https://conda.anaconda.org/conda-forge/linux-aarch64/libgcc-ng-15.2.0-he9431aa_16.conda
      - conda: https://conda.anaconda.org/conda-forge/linux-aarch64/libgomp-15.2.0-h8acb6b2_16.conda
      - conda: https://conda.anaconda.org/conda-forge/linux-aarch64/libstdcxx-15.2.0-hef695bb_16.conda
      - conda: https://conda.anaconda.org/conda-forge/linux-aarch64/libstdcxx-ng-15.2.0-hdbbeba8_16.conda
      - conda: https://conda.anaconda.org/conda-forge/linux-aarch64/openssl-3.6.0-h8e36d6e_0.conda
      - conda: https://conda.anaconda.org/conda-forge/linux-aarch64/patchelf-0.17.2-h884eca8_0.conda
      - conda: https://conda.anaconda.org/conda-forge/linux-aarch64/rattler-build-0.55.1-hb434046_0.conda
      linux-ppc64le:
      - conda: https://conda.anaconda.org/conda-forge/linux-ppc64le/_libgcc_mutex-0.1-conda_forge.tar.bz2
      - conda: https://conda.anaconda.org/conda-forge/linux-ppc64le/_openmp_mutex-4.5-2_gnu.tar.bz2
      - conda: https://conda.anaconda.org/conda-forge/noarch/ca-certificates-2026.1.4-hbd8a1cb_0.conda
      - conda: https://conda.anaconda.org/conda-forge/linux-ppc64le/libgcc-15.2.0-h80f490b_16.conda
      - conda: https://conda.anaconda.org/conda-forge/linux-ppc64le/libgcc-ng-15.2.0-hfdc3801_16.conda
      - conda: https://conda.anaconda.org/conda-forge/linux-ppc64le/libgomp-15.2.0-h80f490b_16.conda
      - conda: https://conda.anaconda.org/conda-forge/linux-ppc64le/libstdcxx-15.2.0-h31c573d_16.conda
      - conda: https://conda.anaconda.org/conda-forge/linux-ppc64le/libstdcxx-ng-15.2.0-h6e3988f_16.conda
      - conda: https://conda.anaconda.org/conda-forge/linux-ppc64le/openssl-3.6.0-hb9a03e6_0.conda
      - conda: https://conda.anaconda.org/conda-forge/linux-ppc64le/patchelf-0.17.2-hea85c5d_0.conda
      - conda: https://conda.anaconda.org/conda-forge/linux-ppc64le/rattler-build-0.54.0-hd5b43e5_0.conda
packages:
- conda: https://conda.anaconda.org/conda-forge/linux-64/_libgcc_mutex-0.1-conda_forge.tar.bz2
  sha256: fe51de6107f9edc7aa4f786a70f4a883943bc9d39b3bb7307c04c41410990726
  md5: d7c89558ba9fa0495403155b64376d81
  license: None
  size: 2562
  timestamp: 1578324546067
- conda: https://conda.anaconda.org/conda-forge/linux-ppc64le/_libgcc_mutex-0.1-conda_forge.tar.bz2
  sha256: 5dd34b412e6274c0614d01a2f616844376ae873dfb8782c2c67d055779de6df6
  md5: e96f48755dc7c9f86c4aecf4cac40477
  license: None
  size: 2550
  timestamp: 1578324511581
- conda: https://conda.anaconda.org/conda-forge/linux-64/_openmp_mutex-4.5-2_gnu.tar.bz2
  build_number: 16
  sha256: fbe2c5e56a653bebb982eda4876a9178aedfc2b545f25d0ce9c4c0b508253d22
  md5: 73aaf86a425cc6e73fcf236a5a46396d
  depends:
  - _libgcc_mutex 0.1 conda_forge
  - libgomp >=7.5.0
  constrains:
  - openmp_impl 9999
  license: BSD-3-Clause
  license_family: BSD
  size: 23621
  timestamp: 1650670423406
- conda: https://conda.anaconda.org/conda-forge/linux-aarch64/_openmp_mutex-4.5-2_gnu.tar.bz2
  build_number: 16
  sha256: 3702bef2f0a4d38bd8288bbe54aace623602a1343c2cfbefd3fa188e015bebf0
  md5: 6168d71addc746e8f2b8d57dfd2edcea
  depends:
  - libgomp >=7.5.0
  constrains:
  - openmp_impl 9999
  license: BSD-3-Clause
  license_family: BSD
  size: 23712
  timestamp: 1650670790230
- conda: https://conda.anaconda.org/conda-forge/linux-ppc64le/_openmp_mutex-4.5-2_gnu.tar.bz2
  build_number: 16
  sha256: 4c89c2067cf5e7b0fbbdc3200c3f7affa5896e14812acf10f51575be87ae0c05
  md5: 3e41cbaba7e4988d15a24c4e85e6171b
  depends:
  - _libgcc_mutex 0.1 conda_forge
  - libgomp >=7.5.0
  constrains:
  - openmp_impl 9999
  license: BSD-3-Clause
  license_family: BSD
  size: 23710
  timestamp: 1650671119831
- conda: https://conda.anaconda.org/conda-forge/noarch/ca-certificates-2026.1.4-hbd8a1cb_0.conda
  sha256: b5974ec9b50e3c514a382335efa81ed02b05906849827a34061c496f4defa0b2
  md5: bddacf101bb4dd0e51811cb69c7790e2
  depends:
  - __unix
  license: ISC
  size: 146519
  timestamp: 1767500828366
- conda: https://conda.anaconda.org/conda-forge/linux-64/libgcc-15.2.0-he0feb66_16.conda
  sha256: 6eed58051c2e12b804d53ceff5994a350c61baf117ec83f5f10c953a3f311451
  md5: 6d0363467e6ed84f11435eb309f2ff06
  depends:
  - __glibc >=2.17,<3.0.a0
  - _openmp_mutex >=4.5
  constrains:
  - libgcc-ng ==15.2.0=*_16
  - libgomp 15.2.0 he0feb66_16
  license: GPL-3.0-only WITH GCC-exception-3.1
  license_family: GPL
  size: 1042798
  timestamp: 1765256792743
- conda: https://conda.anaconda.org/conda-forge/linux-aarch64/libgcc-15.2.0-h8acb6b2_16.conda
  sha256: 44bfc6fe16236babb271e0c693fe7fd978f336542e23c9c30e700483796ed30b
  md5: cf9cd6739a3b694dcf551d898e112331
  depends:
  - _openmp_mutex >=4.5
  constrains:
  - libgomp 15.2.0 h8acb6b2_16
  - libgcc-ng ==15.2.0=*_16
  license: GPL-3.0-only WITH GCC-exception-3.1
  license_family: GPL
  size: 620637
  timestamp: 1765256938043
- conda: https://conda.anaconda.org/conda-forge/linux-ppc64le/libgcc-15.2.0-h80f490b_16.conda
  sha256: 2da1698209558b45ccd1d239e11ce17ae39b109f0115b68000fd7e930b6a2ef5
  md5: e7a853d14b26a1178de3356603ff2185
  depends:
  - _openmp_mutex >=4.5
  constrains:
  - libgomp 15.2.0 h80f490b_16
  - libgcc-ng ==15.2.0=*_16
  license: GPL-3.0-only WITH GCC-exception-3.1
  license_family: GPL
  size: 919356
  timestamp: 1765259153477
- conda: https://conda.anaconda.org/conda-forge/linux-64/libgcc-ng-15.2.0-h69a702a_16.conda
  sha256: 5f07f9317f596a201cc6e095e5fc92621afca64829785e483738d935f8cab361
  md5: 5a68259fac2da8f2ee6f7bfe49c9eb8b
  depends:
  - libgcc 15.2.0 he0feb66_16
  license: GPL-3.0-only WITH GCC-exception-3.1
  license_family: GPL
  size: 27256
  timestamp: 1765256804124
- conda: https://conda.anaconda.org/conda-forge/linux-aarch64/libgcc-ng-15.2.0-he9431aa_16.conda
  sha256: 22d7e63a00c880bd14fbbc514ec6f553b9325d705f08582e9076c7e73c93a2e1
  md5: 3e54a6d0f2ff0172903c0acfda9efc0e
  depends:
  - libgcc 15.2.0 h8acb6b2_16
  license: GPL-3.0-only WITH GCC-exception-3.1
  license_family: GPL
  size: 27356
  timestamp: 1765256948637
- conda: https://conda.anaconda.org/conda-forge/linux-ppc64le/libgcc-ng-15.2.0-hfdc3801_16.conda
  sha256: 08c807246ee309b3e3f84460d31b86306ca9ce102bd7a626055f78b724cd8c07
  md5: 076ca7bf494603bcec9ea59eb831c514
  depends:
  - libgcc 15.2.0 h80f490b_16
  license: GPL-3.0-only WITH GCC-exception-3.1
  license_family: GPL
  size: 27297
  timestamp: 1765259161947
- conda: https://conda.anaconda.org/conda-forge/linux-64/libgomp-15.2.0-he0feb66_16.conda
  sha256: 5b3e5e4e9270ecfcd48f47e3a68f037f5ab0f529ccb223e8e5d5ac75a58fc687
  md5: 26c46f90d0e727e95c6c9498a33a09f3
  depends:
  - __glibc >=2.17,<3.0.a0
  license: GPL-3.0-only WITH GCC-exception-3.1
  license_family: GPL
  size: 603284
  timestamp: 1765256703881
- conda: https://conda.anaconda.org/conda-forge/linux-aarch64/libgomp-15.2.0-h8acb6b2_16.conda
  sha256: 0a9d77c920db691eb42b78c734d70c5a1d00b3110c0867cfff18e9dd69bc3c29
  md5: 4d2f224e8186e7881d53e3aead912f6c
  license: GPL-3.0-only WITH GCC-exception-3.1
  license_family: GPL
  size: 587924
  timestamp: 1765256821307
- conda: https://conda.anaconda.org/conda-forge/linux-ppc64le/libgomp-15.2.0-h80f490b_16.conda
  sha256: ccb65287d1daa93eed6191f87ece22552c785d306b4235318c7a7aa00deaf8d8
  md5: 07186d4de7ba47cf916b5edaf96fb9d4
  license: GPL-3.0-only WITH GCC-exception-3.1
  license_family: GPL
  size: 639592
  timestamp: 1765259060156
- conda: https://conda.anaconda.org/conda-forge/linux-64/libstdcxx-15.2.0-h934c35e_16.conda
  sha256: 813427918316a00c904723f1dfc3da1bbc1974c5cfe1ed1e704c6f4e0798cbc6
  md5: 68f68355000ec3f1d6f26ea13e8f525f
  depends:
  - __glibc >=2.17,<3.0.a0
  - libgcc 15.2.0 he0feb66_16
  constrains:
  - libstdcxx-ng ==15.2.0=*_16
  license: GPL-3.0-only WITH GCC-exception-3.1
  license_family: GPL
  size: 5856456
  timestamp: 1765256838573
- conda: https://conda.anaconda.org/conda-forge/linux-aarch64/libstdcxx-15.2.0-hef695bb_16.conda
  sha256: 4db11a903707068ae37aa6909511c68e9af6a2e97890d1b73b0a8d87cb74aba9
  md5: 52d9df8055af3f1665ba471cce77da48
  depends:
  - libgcc 15.2.0 h8acb6b2_16
  constrains:
  - libstdcxx-ng ==15.2.0=*_16
  license: GPL-3.0-only WITH GCC-exception-3.1
  license_family: GPL
  size: 5541149
  timestamp: 1765256980783
- conda: https://conda.anaconda.org/conda-forge/linux-ppc64le/libstdcxx-15.2.0-h31c573d_16.conda
  sha256: 8f8c7d2bc66adaa4efd3e67fe9852b5cb5d1deda1ad90da5b7b52170894d5dbf
  md5: 5f4197aaf4a201b686716124e1bdc6e1
  depends:
  - libgcc 15.2.0 h80f490b_16
  constrains:
  - libstdcxx-ng ==15.2.0=*_16
  license: GPL-3.0-only WITH GCC-exception-3.1
  license_family: GPL
  size: 6170443
  timestamp: 1765259189301
- conda: https://conda.anaconda.org/conda-forge/linux-64/libstdcxx-ng-15.2.0-hdf11a46_16.conda
  sha256: 81f2f246c7533b41c5e0c274172d607829019621c4a0823b5c0b4a8c7028ee84
  md5: 1b3152694d236cf233b76b8c56bf0eae
  depends:
  - libstdcxx 15.2.0 h934c35e_16
  license: GPL-3.0-only WITH GCC-exception-3.1
  license_family: GPL
  size: 27300
  timestamp: 1765256885128
- conda: https://conda.anaconda.org/conda-forge/linux-aarch64/libstdcxx-ng-15.2.0-hdbbeba8_16.conda
  sha256: dd5c813ae5a4dac6fa946352674e0c21b1847994a717ef67bd6cc77bc15920be
  md5: 20b7f96f58ccbe8931c3a20778fb3b32
  depends:
  - libstdcxx 15.2.0 hef695bb_16
  license: GPL-3.0-only WITH GCC-exception-3.1
  license_family: GPL
  size: 27376
  timestamp: 1765257033344
- conda: https://conda.anaconda.org/conda-forge/linux-ppc64le/libstdcxx-ng-15.2.0-h6e3988f_16.conda
  sha256: 7f83fd52fd3b8825e52307fe0b4b7847f4b9c366b962f4ada9189a4b0b181a3c
  md5: ac8b0027bef0f7b6a33b26ecd3da5f7c
  depends:
  - libstdcxx 15.2.0 h31c573d_16
  license: GPL-3.0-only WITH GCC-exception-3.1
  license_family: GPL
  size: 27344
  timestamp: 1765259234662
- conda: https://conda.anaconda.org/conda-forge/linux-64/openssl-3.6.0-h26f9b46_0.conda
  sha256: a47271202f4518a484956968335b2521409c8173e123ab381e775c358c67fe6d
  md5: 9ee58d5c534af06558933af3c845a780
  depends:
  - __glibc >=2.17,<3.0.a0
  - ca-certificates
  - libgcc >=14
  license: Apache-2.0
  license_family: Apache
  size: 3165399
  timestamp: 1762839186699
- conda: https://conda.anaconda.org/conda-forge/linux-aarch64/openssl-3.6.0-h8e36d6e_0.conda
  sha256: 8dd3b4c31fe176a3e51c5729b2c7f4c836a2ce3bd5c82082dc2a503ba9ee0af3
  md5: 7624c6e01aecba942e9115e0f5a2af9d
  depends:
  - ca-certificates
  - libgcc >=14
  license: Apache-2.0
  license_family: Apache
  size: 3705625
  timestamp: 1762841024958
- conda: https://conda.anaconda.org/conda-forge/linux-ppc64le/openssl-3.6.0-hb9a03e6_0.conda
  sha256: 57177c889e0d7ce715f8f4f91fd3d655d7030f7338d88ed9c510d9fe24fed577
  md5: 64cf5de2aecdb00abfaf28167b0ff179
  depends:
  - ca-certificates
  - libgcc >=14
  license: Apache-2.0
  license_family: Apache
  size: 3367749
  timestamp: 1762841916210
- conda: https://conda.anaconda.org/conda-forge/linux-64/patchelf-0.17.2-h58526e2_0.conda
  sha256: eb355ac225be2f698e19dba4dcab7cb0748225677a9799e9cc8e4cadc3cb738f
  md5: ba76a6a448819560b5f8b08a9c74f415
  depends:
  - libgcc-ng >=7.5.0
  - libstdcxx-ng >=7.5.0
  license: GPL-3.0-or-later
  license_family: GPL
  size: 94048
  timestamp: 1673473024463
- conda: https://conda.anaconda.org/conda-forge/linux-aarch64/patchelf-0.17.2-h884eca8_0.conda
  sha256: 8b98158f36a7a92013a1982ab7a60947151350ac5c513c1d1575825d0fa52518
  md5: bbd8dee69c4ac2e2d07bca100b8fcc31
  depends:
  - libgcc-ng >=7.5.0
  - libstdcxx-ng >=7.5.0
  license: GPL-3.0-or-later
  license_family: GPL
  size: 101306
  timestamp: 1673473812166
- conda: https://conda.anaconda.org/conda-forge/linux-ppc64le/patchelf-0.17.2-hea85c5d_0.conda
  sha256: e3b0342477464f8c294ac2a7e4b7843262ada2c09707e814ba792600f7ece24e
  md5: ac22b6250dd563d8187b22b19998fa16
  depends:
  - libgcc-ng >=12
  - libstdcxx-ng >=12
  license: GPL-3.0-or-later
  license_family: GPL
  size: 105585
  timestamp: 1673474233626
- conda: https://conda.anaconda.org/conda-forge/linux-64/rattler-build-0.55.1-he64ecbb_0.conda
  sha256: d4115e45191c507e70c15d4fc0cf4bd283c64214c05f0ee6e35811b2d76a2348
  md5: b6a10478e09eedf17c5a9f2a1e334c00
  depends:
  - patchelf
  - __glibc >=2.17,<3.0.a0
  - libgcc >=14
  - openssl >=3.5.4,<4.0a0
  constrains:
  - __glibc >=2.17
  license: BSD-3-Clause
  license_family: BSD
  size: 17663929
  timestamp: 1767788793229
- conda: https://conda.anaconda.org/conda-forge/linux-aarch64/rattler-build-0.55.1-hb434046_0.conda
  sha256: 7f1948a71643927bca82149a3b23335920d1c76a0fe7094d99eefcdf2504fbcf
  md5: 4868f77a820e8156bc744d8f09649437
  depends:
  - patchelf
  - libgcc >=14
  - openssl >=3.5.4,<4.0a0
  constrains:
  - __glibc >=2.17
  license: BSD-3-Clause
  license_family: BSD
  size: 18377556
  timestamp: 1767788834221
- conda: https://conda.anaconda.org/conda-forge/linux-ppc64le/rattler-build-0.54.0-hd5b43e5_0.conda
  sha256: 0014a2a8e97e9714190704a5f62487b44b2afb8eede283dd52af9308e076e399
  md5: 98a5f41169dda002de595ddc653db44a
  depends:
  - patchelf
  - libgcc >=14
  - openssl >=3.5.4,<4.0a0
  constrains:
  - __glibc >=2.17
  license: BSD-3-Clause
  license_family: BSD
  size: 21573481
  timestamp: 1765220808135
