version: 6
environments:
  default:
    channels:
    - url: https://conda.anaconda.org/conda-forge/
    packages:
      linux-64:
      - conda: https://conda.anaconda.org/conda-forge/linux-64/_libgcc_mutex-0.1-conda_forge.tar.bz2
      - conda: https://conda.anaconda.org/conda-forge/linux-64/_openmp_mutex-4.5-2_gnu.tar.bz2
      - conda: https://conda.anaconda.org/conda-forge/linux-64/apptainer-1.4.5-h6ccafba_0.conda
      - conda: https://conda.anaconda.org/conda-forge/linux-64/bzip2-1.0.8-hda65f42_8.conda
      - conda: https://conda.anaconda.org/conda-forge/noarch/ca-certificates-2026.1.4-hbd8a1cb_0.conda
      - conda: https://conda.anaconda.org/conda-forge/linux-64/cni-1.0.1-ha975731_1.tar.bz2
      - conda: https://conda.anaconda.org/conda-forge/linux-64/cni-plugins-1.3.0-ha8f183a_0.conda
      - conda: https://conda.anaconda.org/conda-forge/linux-64/fuse-overlayfs-1.16-ha5fcf3e_1.conda
      - conda: https://conda.anaconda.org/conda-forge/linux-64/gocryptfs-2.6.1-ha770c72_0.conda
      - conda: https://conda.anaconda.org/conda-forge/linux-64/icu-78.2-h33c6efd_0.conda
      - conda: https://conda.anaconda.org/conda-forge/linux-64/jq-1.8.1-h73b1eb8_0.conda
      - conda: https://conda.anaconda.org/conda-forge/linux-64/ld_impl_linux-64-2.45-default_hbd61a6d_105.conda
      - conda: https://conda.anaconda.org/conda-forge/linux-64/libarchive-3.8.5-gpl_hc2c16d8_100.conda
      - conda: https://conda.anaconda.org/conda-forge/linux-64/libexpat-2.7.3-hecca717_0.conda
      - conda: https://conda.anaconda.org/conda-forge/linux-64/libffi-3.5.2-h9ec8514_0.conda
      - conda: https://conda.anaconda.org/conda-forge/linux-64/libfuse3-3.18.1-h9a46e9c_0.conda
      - conda: https://conda.anaconda.org/conda-forge/linux-64/libgcc-15.2.0-he0feb66_16.conda
      - conda: https://conda.anaconda.org/conda-forge/linux-64/libgcc-ng-15.2.0-h69a702a_16.conda
      - conda: https://conda.anaconda.org/conda-forge/linux-64/libgomp-15.2.0-he0feb66_16.conda
      - conda: https://conda.anaconda.org/conda-forge/linux-64/libiconv-1.18-h3b78370_2.conda
      - conda: https://conda.anaconda.org/conda-forge/linux-64/liblzma-5.8.1-hb9d3cd8_2.conda
      - conda: https://conda.anaconda.org/conda-forge/linux-64/libnsl-2.0.1-hb9d3cd8_1.conda
      - conda: https://conda.anaconda.org/conda-forge/linux-64/libseccomp-2.6.0-hb03c661_0.conda
      - conda: https://conda.anaconda.org/conda-forge/linux-64/libsqlite-3.51.2-hf4e2dac_0.conda
      - conda: https://conda.anaconda.org/conda-forge/linux-64/libstdcxx-15.2.0-h934c35e_16.conda
      - conda: https://conda.anaconda.org/conda-forge/linux-64/libuuid-2.41.3-h5347b49_0.conda
      - conda: https://conda.anaconda.org/conda-forge/linux-64/libxcrypt-4.4.36-hd590300_1.conda
      - conda: https://conda.anaconda.org/conda-forge/linux-64/libxml2-16-2.15.1-hca6bf5a_1.conda
      - conda: https://conda.anaconda.org/conda-forge/linux-64/libxml2-2.15.1-he237659_1.conda
      - conda: https://conda.anaconda.org/conda-forge/linux-64/libzlib-1.3.1-hb9d3cd8_2.conda
      - conda: https://conda.anaconda.org/conda-forge/linux-64/lz4-c-1.10.0-h5888daf_1.conda
      - conda: https://conda.anaconda.org/conda-forge/linux-64/lzo-2.10-h280c20c_1002.conda
      - conda: https://conda.anaconda.org/conda-forge/linux-64/ncurses-6.5-h2d0b736_3.conda
      - conda: https://conda.anaconda.org/conda-forge/linux-64/oniguruma-6.9.10-hb9d3cd8_0.conda
      - conda: https://conda.anaconda.org/conda-forge/linux-64/openssl-3.6.0-h26f9b46_0.conda
      - conda: https://conda.anaconda.org/conda-forge/linux-64/python-3.11.14-hd63d673_2_cpython.conda
      - conda: https://conda.anaconda.org/conda-forge/linux-64/readline-8.3-h853b02a_0.conda
      - conda: https://conda.anaconda.org/conda-forge/linux-64/squashfs-tools-4.7.4-hb4e62d2_0.conda
      - conda: https://conda.anaconda.org/conda-forge/linux-64/squashfuse-0.6.1-hb8971b7_1.conda
      - conda: https://conda.anaconda.org/conda-forge/linux-64/tk-8.6.13-noxft_ha0e22de_103.conda
      - conda: https://conda.anaconda.org/conda-forge/noarch/tzdata-2025c-hc9c84f9_1.conda
      - conda: https://conda.anaconda.org/conda-forge/linux-64/zstd-1.5.7-hb78ec9c_6.conda
packages:
- conda: https://conda.anaconda.org/conda-forge/linux-64/_libgcc_mutex-0.1-conda_forge.tar.bz2
  sha256: fe51de6107f9edc7aa4f786a70f4a883943bc9d39b3bb7307c04c41410990726
  md5: d7c89558ba9fa0495403155b64376d81
  license: None
  size: 2562
  timestamp: 1578324546067
- conda: https://conda.anaconda.org/conda-forge/linux-64/_openmp_mutex-4.5-2_gnu.tar.bz2
  build_number: 16
  sha256: fbe2c5e56a653bebb982eda4876a9178aedfc2b545f25d0ce9c4c0b508253d22
  md5: 73aaf86a425cc6e73fcf236a5a46396d
  depends:
  - _libgcc_mutex 0.1 conda_forge
  - libgomp >=7.5.0
  constrains:
  - openmp_impl 9999
  license: BSD-3-Clause
  license_family: BSD
  size: 23621
  timestamp: 1650670423406
- conda: https://conda.anaconda.org/conda-forge/linux-64/apptainer-1.4.5-h6ccafba_0.conda
  sha256: aa34ebc55ab69fea3e42d3ffe26ee4169794be1d1ffadadc5a35857554c3dddb
  md5: d09c947d2f15fa9e36e5377ad93a6277
  depends:
  - __glibc >=2.17
  - __glibc >=2.17,<3.0.a0
  - cni-plugins >=0.7.4
  - fuse-overlayfs
  - gocryptfs
  - libarchive >=3.8.2,<3.9.0a0
  - libgcc >=14
  - libseccomp >=2.4.4,<3.0a0
  - libstdcxx >=14
  - libuuid >=2.41.2,<3.0a0
  - openssl >=3.5.4,<4.0a0
  - squashfs-tools
  - squashfuse
  constrains:
  - singularity ==9999999999
  license: BSD-3-Clause
  license_family: BSD
  size: 21979472
  timestamp: 1764716258107
- conda: https://conda.anaconda.org/conda-forge/linux-64/bzip2-1.0.8-hda65f42_8.conda
  sha256: c30daba32ddebbb7ded490f0e371eae90f51e72db620554089103b4a6934b0d5
  md5: 51a19bba1b8ebfb60df25cde030b7ebc
  depends:
  - __glibc >=2.17,<3.0.a0
  - libgcc >=14
  license: bzip2-1.0.6
  license_family: BSD
  size: 260341
  timestamp: 1757437258798
- conda: https://conda.anaconda.org/conda-forge/noarch/ca-certificates-2026.1.4-hbd8a1cb_0.conda
  sha256: b5974ec9b50e3c514a382335efa81ed02b05906849827a34061c496f4defa0b2
  md5: bddacf101bb4dd0e51811cb69c7790e2
  depends:
  - __unix
  license: ISC
  size: 146519
  timestamp: 1767500828366
- conda: https://conda.anaconda.org/conda-forge/linux-64/cni-1.0.1-ha975731_1.tar.bz2
  sha256: 4d83a78ca08a6e40f48bc2d93cc8646959e175bd21b97dc055e44558605a3984
  md5: 58f92707fb5595c8cd90d278f602011c
  depends:
  - jq
  - libgcc-ng >=9.4.0
  license: Apache-2.0
  license_family: Apache
  size: 1768993
  timestamp: 1643043326782
- conda: https://conda.anaconda.org/conda-forge/linux-64/cni-plugins-1.3.0-ha8f183a_0.conda
  sha256: 0bc7985c802700112d0e6de90bebf300518a7bf68d2767b5654ce7f90bc98245
  md5: 7b19dcc220b79ec9249ecf2f4e671986
  depends:
  - cni 1.0.1.*
  license: Apache-2.0
  license_family: Apache
  size: 30645988
  timestamp: 1689423051718
- conda: https://conda.anaconda.org/conda-forge/linux-64/fuse-overlayfs-1.16-ha5fcf3e_1.conda
  sha256: 52b5405b80340544b77d4b50081a7c97a43364991649325ebd84ac334e0bd919
  md5: f2266d4f0c70e1188e532b5b3f7c1503
  depends:
  - __glibc >=2.17,<3.0.a0
  - libfuse3 >=3.18.0,<4.0a0
  - libgcc >=14
  license: GPL-3.0-or-later
  license_family: GPL
  size: 58878
  timestamp: 1766170267806
- conda: https://conda.anaconda.org/conda-forge/linux-64/gocryptfs-2.6.1-ha770c72_0.conda
  sha256: ce4a5def3bb39644f1b3b9e948a6c897dbae5b3a47d93011447757990d257838
  md5: bb437fbff41ae6014e00e92a3121ab9f
  license: MIT
  license_family: MIT
  size: 3874149
  timestamp: 1754972186137
- conda: https://conda.anaconda.org/conda-forge/linux-64/icu-78.2-h33c6efd_0.conda
  sha256: 142a722072fa96cf16ff98eaaf641f54ab84744af81754c292cb81e0881c0329
  md5: 186a18e3ba246eccfc7cff00cd19a870
  depends:
  - __glibc >=2.17,<3.0.a0
  - libgcc >=14
  - libstdcxx >=14
  license: MIT
  license_family: MIT
  size: 12728445
  timestamp: 1767969922681
- conda: https://conda.anaconda.org/conda-forge/linux-64/jq-1.8.1-h73b1eb8_0.conda
  sha256: ab26cb11ad0d10f5c6637d925b044c74a3eacb5825686d3720313b3cb6d40cef
  md5: 2714e43bfc035f7ef26796632aa1b523
  depends:
  - oniguruma 6.9.*
  - libgcc >=13
  - __glibc >=2.17,<3.0.a0
  - oniguruma >=6.9.10,<6.10.0a0
  license: MIT
  license_family: MIT
  size: 313184
  timestamp: 1751447310552
- conda: https://conda.anaconda.org/conda-forge/linux-64/ld_impl_linux-64-2.45-default_hbd61a6d_105.conda
  sha256: 1027bd8aa0d5144e954e426ab6218fd5c14e54a98f571985675468b339c808ca
  md5: 3ec0aa5037d39b06554109a01e6fb0c6
  depends:
  - __glibc >=2.17,<3.0.a0
  - zstd >=1.5.7,<1.6.0a0
  constrains:
  - binutils_impl_linux-64 2.45
  license: GPL-3.0-only
  license_family: GPL
  size: 730831
  timestamp: 1766513089214
- conda: https://conda.anaconda.org/conda-forge/linux-64/libarchive-3.8.5-gpl_hc2c16d8_100.conda
  sha256: ee2cf1499a5a5fd5f03c6203597fe14bf28c6ca2a8fffb761e41f3cf371e768e
  md5: 5fdaa8b856683a5598459dead3976578
  depends:
  - __glibc >=2.17,<3.0.a0
  - bzip2 >=1.0.8,<2.0a0
  - libgcc >=14
  - liblzma >=5.8.1,<6.0a0
  - libxml2
  - libxml2-16 >=2.14.6
  - libzlib >=1.3.1,<2.0a0
  - lz4-c >=1.10.0,<1.11.0a0
  - lzo >=2.10,<3.0a0
  - openssl >=3.5.4,<4.0a0
  - zstd >=1.5.7,<1.6.0a0
  license: BSD-2-Clause
  license_family: BSD
  size: 886102
  timestamp: 1767630453053
- conda: https://conda.anaconda.org/conda-forge/linux-64/libexpat-2.7.3-hecca717_0.conda
  sha256: 1e1b08f6211629cbc2efe7a5bca5953f8f6b3cae0eeb04ca4dacee1bd4e2db2f
  md5: 8b09ae86839581147ef2e5c5e229d164
  depends:
  - __glibc >=2.17,<3.0.a0
  - libgcc >=14
  constrains:
  - expat 2.7.3.*
  license: MIT
  license_family: MIT
  size: 76643
  timestamp: 1763549731408
- conda: https://conda.anaconda.org/conda-forge/linux-64/libffi-3.5.2-h9ec8514_0.conda
  sha256: 25cbdfa65580cfab1b8d15ee90b4c9f1e0d72128f1661449c9a999d341377d54
  md5: 35f29eec58405aaf55e01cb470d8c26a
  depends:
  - __glibc >=2.17,<3.0.a0
  - libgcc >=14
  license: MIT
  license_family: MIT
  size: 57821
  timestamp: 1760295480630
- conda: https://conda.anaconda.org/conda-forge/linux-64/libfuse3-3.18.1-h9a46e9c_0.conda
  sha256: 78f7b5cdbe11de46ce002051b7f7704a5355adcd1981ef4bab5a257f2de768c0
  md5: 05fc8ed4897addcb7a3dacf828f0e64d
  depends:
  - __glibc >=2.17,<3.0.a0
  - libgcc >=14
  - libiconv >=1.18,<2.0a0
  constrains:
  - libfuse <3
  license: LGPL-2.1-only AND GPL-2.0-only
  license_family: GPL
  size: 444602
  timestamp: 1766280090297
- conda: https://conda.anaconda.org/conda-forge/linux-64/libgcc-15.2.0-he0feb66_16.conda
  sha256: 6eed58051c2e12b804d53ceff5994a350c61baf117ec83f5f10c953a3f311451
  md5: 6d0363467e6ed84f11435eb309f2ff06
  depends:
  - __glibc >=2.17,<3.0.a0
  - _openmp_mutex >=4.5
  constrains:
  - libgcc-ng ==15.2.0=*_16
  - libgomp 15.2.0 he0feb66_16
  license: GPL-3.0-only WITH GCC-exception-3.1
  license_family: GPL
  size: 1042798
  timestamp: 1765256792743
- conda: https://conda.anaconda.org/conda-forge/linux-64/libgcc-ng-15.2.0-h69a702a_16.conda
  sha256: 5f07f9317f596a201cc6e095e5fc92621afca64829785e483738d935f8cab361
  md5: 5a68259fac2da8f2ee6f7bfe49c9eb8b
  depends:
  - libgcc 15.2.0 he0feb66_16
  license: GPL-3.0-only WITH GCC-exception-3.1
  license_family: GPL
  size: 27256
  timestamp: 1765256804124
- conda: https://conda.anaconda.org/conda-forge/linux-64/libgomp-15.2.0-he0feb66_16.conda
  sha256: 5b3e5e4e9270ecfcd48f47e3a68f037f5ab0f529ccb223e8e5d5ac75a58fc687
  md5: 26c46f90d0e727e95c6c9498a33a09f3
  depends:
  - __glibc >=2.17,<3.0.a0
  license: GPL-3.0-only WITH GCC-exception-3.1
  license_family: GPL
  size: 603284
  timestamp: 1765256703881
- conda: https://conda.anaconda.org/conda-forge/linux-64/libiconv-1.18-h3b78370_2.conda
  sha256: c467851a7312765447155e071752d7bf9bf44d610a5687e32706f480aad2833f
  md5: 915f5995e94f60e9a4826e0b0920ee88
  depends:
  - __glibc >=2.17,<3.0.a0
  - libgcc >=14
  license: LGPL-2.1-only
  size: 790176
  timestamp: 1754908768807
- conda: https://conda.anaconda.org/conda-forge/linux-64/liblzma-5.8.1-hb9d3cd8_2.conda
  sha256: f2591c0069447bbe28d4d696b7fcb0c5bd0b4ac582769b89addbcf26fb3430d8
  md5: 1a580f7796c7bf6393fddb8bbbde58dc
  depends:
  - __glibc >=2.17,<3.0.a0
  - libgcc >=13
  constrains:
  - xz 5.8.1.*
  license: 0BSD
  size: 112894
  timestamp: 1749230047870
- conda: https://conda.anaconda.org/conda-forge/linux-64/libnsl-2.0.1-hb9d3cd8_1.conda
  sha256: 927fe72b054277cde6cb82597d0fcf6baf127dcbce2e0a9d8925a68f1265eef5
  md5: d864d34357c3b65a4b731f78c0801dc4
  depends:
  - __glibc >=2.17,<3.0.a0
  - libgcc >=13
  license: LGPL-2.1-only
  license_family: GPL
  size: 33731
  timestamp: 1750274110928
- conda: https://conda.anaconda.org/conda-forge/linux-64/libseccomp-2.6.0-hb03c661_0.conda
  sha256: 5702c323cc6e1b9327f4f2aad32269301a4189944cdc847ee3ac9d6f96694d24
  md5: 6b17df90864bfc2b42881b42365968de
  depends:
  - __glibc >=2.17,<3.0.a0
  - libgcc >=14
  license: LGPL-2.1-only
  size: 95153
  timestamp: 1764897052812
- conda: https://conda.anaconda.org/conda-forge/linux-64/libsqlite-3.51.2-hf4e2dac_0.conda
  sha256: 04596fcee262a870e4b7c9807224680ff48d4d0cc0dac076a602503d3dc6d217
  md5: da5be73701eecd0e8454423fd6ffcf30
  depends:
  - __glibc >=2.17,<3.0.a0
  - icu >=78.2,<79.0a0
  - libgcc >=14
  - libzlib >=1.3.1,<2.0a0
  license: blessing
  size: 942808
  timestamp: 1768147973361
- conda: https://conda.anaconda.org/conda-forge/linux-64/libstdcxx-15.2.0-h934c35e_16.conda
  sha256: 813427918316a00c904723f1dfc3da1bbc1974c5cfe1ed1e704c6f4e0798cbc6
  md5: 68f68355000ec3f1d6f26ea13e8f525f
  depends:
  - __glibc >=2.17,<3.0.a0
  - libgcc 15.2.0 he0feb66_16
  constrains:
  - libstdcxx-ng ==15.2.0=*_16
  license: GPL-3.0-only WITH GCC-exception-3.1
  license_family: GPL
  size: 5856456
  timestamp: 1765256838573
- conda: https://conda.anaconda.org/conda-forge/linux-64/libuuid-2.41.3-h5347b49_0.conda
  sha256: 1a7539cfa7df00714e8943e18de0b06cceef6778e420a5ee3a2a145773758aee
  md5: db409b7c1720428638e7c0d509d3e1b5
  depends:
  - __glibc >=2.17,<3.0.a0
  - libgcc >=14
  license: BSD-3-Clause
  license_family: BSD
  size: 40311
  timestamp: 1766271528534
- conda: https://conda.anaconda.org/conda-forge/linux-64/libxcrypt-4.4.36-hd590300_1.conda
  sha256: 6ae68e0b86423ef188196fff6207ed0c8195dd84273cb5623b85aa08033a410c
  md5: 5aa797f8787fe7a17d1b0821485b5adc
  depends:
  - libgcc-ng >=12
  license: LGPL-2.1-or-later
  size: 100393
  timestamp: 1702724383534
- conda: https://conda.anaconda.org/conda-forge/linux-64/libxml2-2.15.1-he237659_1.conda
  sha256: 047be059033c394bd32ae5de66ce389824352120b3a7c0eff980195f7ed80357
  md5: 417955234eccd8f252b86a265ccdab7f
  depends:
  - __glibc >=2.17,<3.0.a0
  - icu >=78.1,<79.0a0
  - libgcc >=14
  - libiconv >=1.18,<2.0a0
  - liblzma >=5.8.1,<6.0a0
  - libxml2-16 2.15.1 hca6bf5a_1
  - libzlib >=1.3.1,<2.0a0
  license: MIT
  license_family: MIT
  size: 45402
  timestamp: 1766327161688
- conda: https://conda.anaconda.org/conda-forge/linux-64/libxml2-16-2.15.1-hca6bf5a_1.conda
  sha256: 8331284bf9ae641b70cdc0e5866502dd80055fc3b9350979c74bb1d192e8e09e
  md5: 3fdd8d99683da9fe279c2f4cecd1e048
  depends:
  - __glibc >=2.17,<3.0.a0
  - icu >=78.1,<79.0a0
  - libgcc >=14
  - libiconv >=1.18,<2.0a0
  - liblzma >=5.8.1,<6.0a0
  - libzlib >=1.3.1,<2.0a0
  constrains:
  - libxml2 2.15.1
  license: MIT
  license_family: MIT
  size: 555747
  timestamp: 1766327145986
- conda: https://conda.anaconda.org/conda-forge/linux-64/libzlib-1.3.1-hb9d3cd8_2.conda
  sha256: d4bfe88d7cb447768e31650f06257995601f89076080e76df55e3112d4e47dc4
  md5: edb0dca6bc32e4f4789199455a1dbeb8
  depends:
  - __glibc >=2.17,<3.0.a0
  - libgcc >=13
  constrains:
  - zlib 1.3.1 *_2
  license: Zlib
  license_family: Other
  size: 60963
  timestamp: 1727963148474
- conda: https://conda.anaconda.org/conda-forge/linux-64/lz4-c-1.10.0-h5888daf_1.conda
  sha256: 47326f811392a5fd3055f0f773036c392d26fdb32e4d8e7a8197eed951489346
  md5: 9de5350a85c4a20c685259b889aa6393
  depends:
  - __glibc >=2.17,<3.0.a0
  - libgcc >=13
  - libstdcxx >=13
  license: BSD-2-Clause
  license_family: BSD
  size: 167055
  timestamp: 1733741040117
- conda: https://conda.anaconda.org/conda-forge/linux-64/lzo-2.10-h280c20c_1002.conda
  sha256: 5c6bbeec116e29f08e3dad3d0524e9bc5527098e12fc432c0e5ca53ea16337d4
  md5: 45161d96307e3a447cc3eb5896cf6f8c
  depends:
  - libgcc >=14
  - __glibc >=2.17,<3.0.a0
  license: GPL-2.0-or-later
  license_family: GPL
  size: 191060
  timestamp: 1753889274283
- conda: https://conda.anaconda.org/conda-forge/linux-64/ncurses-6.5-h2d0b736_3.conda
  sha256: 3fde293232fa3fca98635e1167de6b7c7fda83caf24b9d6c91ec9eefb4f4d586
  md5: 47e340acb35de30501a76c7c799c41d7
  depends:
  - __glibc >=2.17,<3.0.a0
  - libgcc >=13
  license: X11 AND BSD-3-Clause
  size: 891641
  timestamp: 1738195959188
- conda: https://conda.anaconda.org/conda-forge/linux-64/oniguruma-6.9.10-hb9d3cd8_0.conda
  sha256: bbff8a60f70d5ebab138b564554f28258472e1e63178614562d4feee29d10da2
  md5: 6ce853cb231f18576d2db5c2d4cb473e
  depends:
  - __glibc >=2.17,<3.0.a0
  - libgcc >=13
  license: BSD-2-Clause
  license_family: BSD
  size: 248670
  timestamp: 1735727084819
- conda: https://conda.anaconda.org/conda-forge/linux-64/openssl-3.6.0-h26f9b46_0.conda
  sha256: a47271202f4518a484956968335b2521409c8173e123ab381e775c358c67fe6d
  md5: 9ee58d5c534af06558933af3c845a780
  depends:
  - __glibc >=2.17,<3.0.a0
  - ca-certificates
  - libgcc >=14
  license: Apache-2.0
  license_family: Apache
  size: 3165399
  timestamp: 1762839186699
- conda: https://conda.anaconda.org/conda-forge/linux-64/python-3.11.14-hd63d673_2_cpython.conda
  build_number: 2
  sha256: 5b872f7747891e50e990a96d2b235236a5c66cc9f8c9dcb7149aee674ea8145a
  md5: c4202a55b4486314fbb8c11bc43a29a0
  depends:
  - __glibc >=2.17,<3.0.a0
  - bzip2 >=1.0.8,<2.0a0
  - ld_impl_linux-64 >=2.36.1
  - libexpat >=2.7.1,<3.0a0
  - libffi >=3.5.2,<3.6.0a0
  - libgcc >=14
  - liblzma >=5.8.1,<6.0a0
  - libnsl >=2.0.1,<2.1.0a0
  - libsqlite >=3.50.4,<4.0a0
  - libuuid >=2.41.2,<3.0a0
  - libxcrypt >=4.4.36
  - libzlib >=1.3.1,<2.0a0
  - ncurses >=6.5,<7.0a0
  - openssl >=3.5.4,<4.0a0
  - readline >=8.2,<9.0a0
  - tk >=8.6.13,<8.7.0a0
  - tzdata
  constrains:
  - python_abi 3.11.* *_cp311
  license: Python-2.0
  size: 30874708
  timestamp: 1761174520369
- conda: https://conda.anaconda.org/conda-forge/linux-64/readline-8.3-h853b02a_0.conda
  sha256: 12ffde5a6f958e285aa22c191ca01bbd3d6e710aa852e00618fa6ddc59149002
  md5: d7d95fc8287ea7bf33e0e7116d2b95ec
  depends:
  - __glibc >=2.17,<3.0.a0
  - libgcc >=14
  - ncurses >=6.5,<7.0a0
  license: GPL-3.0-only
  license_family: GPL
  size: 345073
  timestamp: 1765813471974
- conda: https://conda.anaconda.org/conda-forge/linux-64/squashfs-tools-4.7.4-hb4e62d2_0.conda
  sha256: 0bea6da3e2309b25d49f1fce3557dc6d961ada83b55fba791054370cbc169590
  md5: 92b446e7c169dbcc57945dd4b2d76c49
  depends:
  - __glibc >=2.17,<3.0.a0
  - libgcc >=14
  - liblzma >=5.8.1,<6.0a0
  - libzlib >=1.3.1,<2.0a0
  - lz4-c >=1.10.0,<1.11.0a0
  - lzo >=2.10,<3.0a0
  - zstd >=1.5.7,<1.6.0a0
  license: GPL-2.0-or-later
  license_family: GPL
  size: 255602
  timestamp: 1764337666455
- conda: https://conda.anaconda.org/conda-forge/linux-64/squashfuse-0.6.1-hb8971b7_1.conda
  sha256: 44e9cba06e0fdce1520891f0bda7691e1f41ab221e5773016e45cb0dda21a47d
  md5: b900adfc16e5367aa80929e66809aff2
  depends:
  - __glibc >=2.17,<3.0.a0
  - libfuse3 >=3.18.0,<4.0a0
  - libgcc >=14
  - liblzma >=5.8.1,<6.0a0
  - libzlib >=1.3.1,<2.0a0
  - lz4-c >=1.10.0,<1.11.0a0
  - lzo >=2.10,<3.0a0
  - zstd >=1.5.7,<1.6.0a0
  license: BSD-2-Clause
  license_family: BSD
  size: 64133
  timestamp: 1766138155082
- conda: https://conda.anaconda.org/conda-forge/linux-64/tk-8.6.13-noxft_ha0e22de_103.conda
  sha256: 1544760538a40bcd8ace2b1d8ebe3eb5807ac268641f8acdc18c69c5ebfeaf64
  md5: 86bc20552bf46075e3d92b67f089172d
  depends:
  - __glibc >=2.17,<3.0.a0
  - libgcc >=13
  - libzlib >=1.3.1,<2.0a0
  constrains:
  - xorg-libx11 >=1.8.12,<2.0a0
  license: TCL
  license_family: BSD
  size: 3284905
  timestamp: 1763054914403
- conda: https://conda.anaconda.org/conda-forge/noarch/tzdata-2025c-hc9c84f9_1.conda
  sha256: 1d30098909076af33a35017eed6f2953af1c769e273a0626a04722ac4acaba3c
  md5: ad659d0a2b3e47e38d829aa8cad2d610
  license: LicenseRef-Public-Domain
  size: 119135
  timestamp: 1767016325805
- conda: https://conda.anaconda.org/conda-forge/linux-64/zstd-1.5.7-hb78ec9c_6.conda
  sha256: 68f0206ca6e98fea941e5717cec780ed2873ffabc0e1ed34428c061e2c6268c7
  md5: 4a13eeac0b5c8e5b8ab496e6c4ddd829
  depends:
  - __glibc >=2.17,<3.0.a0
  - libzlib >=1.3.1,<2.0a0
  license: BSD-3-Clause
  license_family: BSD
  size: 601375
  timestamp: 1764777111296
