version: 6
environments:
  default:
    channels:
    - url: https://conda.anaconda.org/conda-forge/
    - url: https://conda.anaconda.org/bioconda/
    options:
      pypi-prerelease-mode: if-necessary-or-explicit
    packages:
      linux-64:
      - conda: https://conda.anaconda.org/conda-forge/linux-64/_openmp_mutex-4.5-20_gnu.conda
      - conda: https://conda.anaconda.org/conda-forge/linux-64/apptainer-1.1.3-h13954e1_0.conda
      - conda: https://conda.anaconda.org/conda-forge/linux-64/bzip2-1.0.8-hda65f42_9.conda
      - conda: https://conda.anaconda.org/conda-forge/noarch/ca-certificates-2026.2.25-hbd8a1cb_0.conda
      - conda: https://conda.anaconda.org/conda-forge/linux-64/cni-1.0.1-ha975731_1.tar.bz2
      - conda: https://conda.anaconda.org/conda-forge/linux-64/cni-plugins-1.3.0-ha8f183a_0.conda
      - conda: https://conda.anaconda.org/conda-forge/linux-64/docker-cli-29.4.0-h280c20c_0.conda
      - conda: https://conda.anaconda.org/conda-forge/linux-64/icu-75.1-he02047a_0.conda
      - conda: https://conda.anaconda.org/conda-forge/linux-64/jq-1.8.1-h73b1eb8_0.conda
      - conda: https://conda.anaconda.org/conda-forge/linux-64/libarchive-3.5.2-hada088e_3.tar.bz2
      - conda: https://conda.anaconda.org/conda-forge/linux-64/libgcc-15.2.0-he0feb66_18.conda
      - conda: https://conda.anaconda.org/conda-forge/linux-64/libgcc-ng-15.2.0-h69a702a_18.conda
      - conda: https://conda.anaconda.org/conda-forge/linux-64/libgomp-15.2.0-he0feb66_18.conda
      - conda: https://conda.anaconda.org/conda-forge/linux-64/libiconv-1.18-h3b78370_2.conda
      - conda: https://conda.anaconda.org/conda-forge/linux-64/liblzma-5.8.2-hb03c661_0.conda
      - conda: https://conda.anaconda.org/conda-forge/linux-64/liblzma-devel-5.8.2-hb03c661_0.conda
      - conda: https://conda.anaconda.org/conda-forge/linux-64/libseccomp-2.6.0-hb03c661_0.conda
      - conda: https://conda.anaconda.org/conda-forge/linux-64/libstdcxx-15.2.0-h934c35e_18.conda
      - conda: https://conda.anaconda.org/conda-forge/linux-64/libstdcxx-ng-15.2.0-hdf11a46_18.conda
      - conda: https://conda.anaconda.org/conda-forge/linux-64/libuuid-2.41.3-h5347b49_0.conda
      - conda: https://conda.anaconda.org/conda-forge/linux-64/libxml2-2.13.9-h04c0eec_0.conda
      - conda: https://conda.anaconda.org/conda-forge/linux-64/libzlib-1.3.2-h25fd6f3_2.conda
      - conda: https://conda.anaconda.org/conda-forge/linux-64/lz4-c-1.9.4-hcb278e6_0.conda
      - conda: https://conda.anaconda.org/conda-forge/linux-64/lzo-2.10-h280c20c_1002.conda
      - conda: https://conda.anaconda.org/conda-forge/linux-64/oniguruma-6.9.10-hb9d3cd8_0.conda
      - conda: https://conda.anaconda.org/conda-forge/linux-64/openssl-3.6.1-h35e630c_1.conda
      - conda: https://conda.anaconda.org/conda-forge/linux-64/singularity-3.8.6-hf1ae047_0.tar.bz2
      - conda: https://conda.anaconda.org/conda-forge/linux-64/squashfs-tools-4.6.1-hdfefc0d_0.conda
      - conda: https://conda.anaconda.org/conda-forge/linux-64/xz-5.8.2-ha02ee65_0.conda
      - conda: https://conda.anaconda.org/conda-forge/linux-64/xz-gpl-tools-5.8.2-ha02ee65_0.conda
      - conda: https://conda.anaconda.org/conda-forge/linux-64/xz-tools-5.8.2-hb03c661_0.conda
      - conda: https://conda.anaconda.org/conda-forge/linux-64/zstd-1.5.7-hb78ec9c_6.conda
packages:
- conda: https://conda.anaconda.org/conda-forge/linux-64/_openmp_mutex-4.5-20_gnu.conda
  build_number: 20
  sha256: 1dd3fffd892081df9726d7eb7e0dea6198962ba775bd88842135a4ddb4deb3c9
  md5: a9f577daf3de00bca7c3c76c0ecbd1de
  depends:
  - __glibc >=2.17,<3.0.a0
  - libgomp >=7.5.0
  constrains:
  - openmp_impl <0.0a0
  license: BSD-3-Clause
  license_family: BSD
  size: 28948
  timestamp: 1770939786096
- conda: https://conda.anaconda.org/conda-forge/linux-64/apptainer-1.1.3-h13954e1_0.conda
  sha256: 999750fc4d8aa071809c8f07d97c1bbf29ef0dc675057907dd3d2f4e372bf799
  md5: c8e5443634db1db84ba1abce732ca1a9
  depends:
  - __glibc >=2.17,<3.0.a0
  - cni-plugins >=0.7.4
  - libarchive >=3.5.2,<3.6.0a0
  - libgcc-ng >=12
  - libseccomp >=2.4.4,<3.0a0
  - libstdcxx-ng >=12
  - libuuid >=2.32.1,<3.0a0
  - openssl >=3.0.7,<4.0a0
  - squashfs-tools
  license: BSD-3-Clause
  license_family: BSD
  size: 16492442
  timestamp: 1671177115806
- conda: https://conda.anaconda.org/conda-forge/linux-64/bzip2-1.0.8-hda65f42_9.conda
  sha256: 0b75d45f0bba3e95dc693336fa51f40ea28c980131fec438afb7ce6118ed05f6
  md5: d2ffd7602c02f2b316fd921d39876885
  depends:
  - __glibc >=2.17,<3.0.a0
  - libgcc >=14
  license: bzip2-1.0.6
  license_family: BSD
  size: 260182
  timestamp: 1771350215188
- conda: https://conda.anaconda.org/conda-forge/noarch/ca-certificates-2026.2.25-hbd8a1cb_0.conda
  sha256: 67cc7101b36421c5913a1687ef1b99f85b5d6868da3abbf6ec1a4181e79782fc
  md5: 4492fd26db29495f0ba23f146cd5638d
  depends:
  - __unix
  license: ISC
  size: 147413
  timestamp: 1772006283803
- conda: https://conda.anaconda.org/conda-forge/linux-64/cni-1.0.1-ha975731_1.tar.bz2
  sha256: 4d83a78ca08a6e40f48bc2d93cc8646959e175bd21b97dc055e44558605a3984
  md5: 58f92707fb5595c8cd90d278f602011c
  depends:
  - jq
  - libgcc-ng >=9.4.0
  license: Apache-2.0
  license_family: Apache
  size: 1768993
  timestamp: 1643043326782
- conda: https://conda.anaconda.org/conda-forge/linux-64/cni-plugins-1.3.0-ha8f183a_0.conda
  sha256: 0bc7985c802700112d0e6de90bebf300518a7bf68d2767b5654ce7f90bc98245
  md5: 7b19dcc220b79ec9249ecf2f4e671986
  depends:
  - cni 1.0.1.*
  license: Apache-2.0
  license_family: Apache
  size: 30645988
  timestamp: 1689423051718
- conda: https://conda.anaconda.org/conda-forge/linux-64/docker-cli-29.4.0-h280c20c_0.conda
  sha256: 512dd62cc62e40cc85cc37870fe0a65c9557bab226a3faa8e522021af7b68006
  md5: 7d186c573c29da8ff8e92d350d18a9ca
  depends:
  - libgcc >=14
  - __glibc >=2.17
  - __glibc >=2.17,<3.0.a0
  license: Apache-2.0
  license_family: APACHE
  size: 9302260
  timestamp: 1775559164995
- conda: https://conda.anaconda.org/conda-forge/linux-64/icu-75.1-he02047a_0.conda
  sha256: 71e750d509f5fa3421087ba88ef9a7b9be11c53174af3aa4d06aff4c18b38e8e
  md5: 8b189310083baabfb622af68fd9d3ae3
  depends:
  - __glibc >=2.17,<3.0.a0
  - libgcc-ng >=12
  - libstdcxx-ng >=12
  license: MIT
  license_family: MIT
  size: 12129203
  timestamp: 1720853576813
- conda: https://conda.anaconda.org/conda-forge/linux-64/jq-1.8.1-h73b1eb8_0.conda
  sha256: ab26cb11ad0d10f5c6637d925b044c74a3eacb5825686d3720313b3cb6d40cef
  md5: 2714e43bfc035f7ef26796632aa1b523
  depends:
  - oniguruma 6.9.*
  - libgcc >=13
  - __glibc >=2.17,<3.0.a0
  - oniguruma >=6.9.10,<6.10.0a0
  license: MIT
  license_family: MIT
  size: 313184
  timestamp: 1751447310552
- conda: https://conda.anaconda.org/conda-forge/linux-64/libarchive-3.5.2-hada088e_3.tar.bz2
  sha256: b67ff7262422ef04bfa1056c5ef10eba4d64773f40bb34314e0d492f58e726e7
  md5: c0c3973a9f2df3e1a408e3205d86a88d
  depends:
  - bzip2 >=1.0.8,<2.0a0
  - libgcc-ng >=12
  - libxml2 >=2.9.14,<2.14.0a0
  - libzlib >=1.2.12,<2.0.0a0
  - lz4-c >=1.9.3,<1.10.0a0
  - lzo >=2.10,<3.0a0
  - openssl >=3.0.3,<4.0a0
  - xz >=5.2.5,<6.0.0a0
  - zstd >=1.5.2,<1.6.0a0
  license: BSD-2-Clause
  license_family: BSD
  size: 1687445
  timestamp: 1655250381500
- conda: https://conda.anaconda.org/conda-forge/linux-64/libgcc-15.2.0-he0feb66_18.conda
  sha256: faf7d2017b4d718951e3a59d081eb09759152f93038479b768e3d612688f83f5
  md5: 0aa00f03f9e39fb9876085dee11a85d4
  depends:
  - __glibc >=2.17,<3.0.a0
  - _openmp_mutex >=4.5
  constrains:
  - libgcc-ng ==15.2.0=*_18
  - libgomp 15.2.0 he0feb66_18
  license: GPL-3.0-only WITH GCC-exception-3.1
  license_family: GPL
  size: 1041788
  timestamp: 1771378212382
- conda: https://conda.anaconda.org/conda-forge/linux-64/libgcc-ng-15.2.0-h69a702a_18.conda
  sha256: e318a711400f536c81123e753d4c797a821021fb38970cebfb3f454126016893
  md5: d5e96b1ed75ca01906b3d2469b4ce493
  depends:
  - libgcc 15.2.0 he0feb66_18
  license: GPL-3.0-only WITH GCC-exception-3.1
  license_family: GPL
  size: 27526
  timestamp: 1771378224552
- conda: https://conda.anaconda.org/conda-forge/linux-64/libgomp-15.2.0-he0feb66_18.conda
  sha256: 21337ab58e5e0649d869ab168d4e609b033509de22521de1bfed0c031bfc5110
  md5: 239c5e9546c38a1e884d69effcf4c882
  depends:
  - __glibc >=2.17,<3.0.a0
  license: GPL-3.0-only WITH GCC-exception-3.1
  license_family: GPL
  size: 603262
  timestamp: 1771378117851
- conda: https://conda.anaconda.org/conda-forge/linux-64/libiconv-1.18-h3b78370_2.conda
  sha256: c467851a7312765447155e071752d7bf9bf44d610a5687e32706f480aad2833f
  md5: 915f5995e94f60e9a4826e0b0920ee88
  depends:
  - __glibc >=2.17,<3.0.a0
  - libgcc >=14
  license: LGPL-2.1-only
  size: 790176
  timestamp: 1754908768807
- conda: https://conda.anaconda.org/conda-forge/linux-64/liblzma-5.8.2-hb03c661_0.conda
  sha256: 755c55ebab181d678c12e49cced893598f2bab22d582fbbf4d8b83c18be207eb
  md5: c7c83eecbb72d88b940c249af56c8b17
  depends:
  - __glibc >=2.17,<3.0.a0
  - libgcc >=14
  constrains:
  - xz 5.8.2.*
  license: 0BSD
  size: 113207
  timestamp: 1768752626120
- conda: https://conda.anaconda.org/conda-forge/linux-64/liblzma-devel-5.8.2-hb03c661_0.conda
  sha256: dd246f80c9c1c27b87e586c33cf36db9340fb8078e9b805429063c2af54d34a4
  md5: de60549ba9d8921dff3afa4b179e2a4b
  depends:
  - __glibc >=2.17,<3.0.a0
  - libgcc >=14
  - liblzma 5.8.2 hb03c661_0
  license: 0BSD
  size: 465085
  timestamp: 1768752643506
- conda: https://conda.anaconda.org/conda-forge/linux-64/libseccomp-2.6.0-hb03c661_0.conda
  sha256: 5702c323cc6e1b9327f4f2aad32269301a4189944cdc847ee3ac9d6f96694d24
  md5: 6b17df90864bfc2b42881b42365968de
  depends:
  - __glibc >=2.17,<3.0.a0
  - libgcc >=14
  license: LGPL-2.1-only
  size: 95153
  timestamp: 1764897052812
- conda: https://conda.anaconda.org/conda-forge/linux-64/libstdcxx-15.2.0-h934c35e_18.conda
  sha256: 78668020064fdaa27e9ab65cd2997e2c837b564ab26ce3bf0e58a2ce1a525c6e
  md5: 1b08cd684f34175e4514474793d44bcb
  depends:
  - __glibc >=2.17,<3.0.a0
  - libgcc 15.2.0 he0feb66_18
  constrains:
  - libstdcxx-ng ==15.2.0=*_18
  license: GPL-3.0-only WITH GCC-exception-3.1
  license_family: GPL
  size: 5852330
  timestamp: 1771378262446
- conda: https://conda.anaconda.org/conda-forge/linux-64/libstdcxx-ng-15.2.0-hdf11a46_18.conda
  sha256: 3c902ffd673cb3c6ddde624cdb80f870b6c835f8bf28384b0016e7d444dd0145
  md5: 6235adb93d064ecdf3d44faee6f468de
  depends:
  - libstdcxx 15.2.0 h934c35e_18
  license: GPL-3.0-only WITH GCC-exception-3.1
  license_family: GPL
  size: 27575
  timestamp: 1771378314494
- conda: https://conda.anaconda.org/conda-forge/linux-64/libuuid-2.41.3-h5347b49_0.conda
  sha256: 1a7539cfa7df00714e8943e18de0b06cceef6778e420a5ee3a2a145773758aee
  md5: db409b7c1720428638e7c0d509d3e1b5
  depends:
  - __glibc >=2.17,<3.0.a0
  - libgcc >=14
  license: BSD-3-Clause
  license_family: BSD
  size: 40311
  timestamp: 1766271528534
- conda: https://conda.anaconda.org/conda-forge/linux-64/libxml2-2.13.9-h04c0eec_0.conda
  sha256: 5d12e993894cb8e9f209e2e6bef9c90fa2b7a339a1f2ab133014b71db81f5d88
  md5: 35eeb0a2add53b1e50218ed230fa6a02
  depends:
  - __glibc >=2.17,<3.0.a0
  - icu >=75.1,<76.0a0
  - libgcc >=14
  - libiconv >=1.18,<2.0a0
  - liblzma >=5.8.1,<6.0a0
  - libzlib >=1.3.1,<2.0a0
  license: MIT
  license_family: MIT
  size: 697033
  timestamp: 1761766011241
- conda: https://conda.anaconda.org/conda-forge/linux-64/libzlib-1.3.2-h25fd6f3_2.conda
  sha256: 55044c403570f0dc26e6364de4dc5368e5f3fc7ff103e867c487e2b5ab2bcda9
  md5: d87ff7921124eccd67248aa483c23fec
  depends:
  - __glibc >=2.17,<3.0.a0
  constrains:
  - zlib 1.3.2 *_2
  license: Zlib
  license_family: Other
  size: 63629
  timestamp: 1774072609062
- conda: https://conda.anaconda.org/conda-forge/linux-64/lz4-c-1.9.4-hcb278e6_0.conda
  sha256: 1b4c105a887f9b2041219d57036f72c4739ab9e9fe5a1486f094e58c76b31f5f
  md5: 318b08df404f9c9be5712aaa5a6f0bb0
  depends:
  - libgcc-ng >=12
  - libstdcxx-ng >=12
  license: BSD-2-Clause
  license_family: BSD
  size: 143402
  timestamp: 1674727076728
- conda: https://conda.anaconda.org/conda-forge/linux-64/lzo-2.10-h280c20c_1002.conda
  sha256: 5c6bbeec116e29f08e3dad3d0524e9bc5527098e12fc432c0e5ca53ea16337d4
  md5: 45161d96307e3a447cc3eb5896cf6f8c
  depends:
  - libgcc >=14
  - __glibc >=2.17,<3.0.a0
  license: GPL-2.0-or-later
  license_family: GPL
  size: 191060
  timestamp: 1753889274283
- conda: https://conda.anaconda.org/conda-forge/linux-64/oniguruma-6.9.10-hb9d3cd8_0.conda
  sha256: bbff8a60f70d5ebab138b564554f28258472e1e63178614562d4feee29d10da2
  md5: 6ce853cb231f18576d2db5c2d4cb473e
  depends:
  - __glibc >=2.17,<3.0.a0
  - libgcc >=13
  license: BSD-2-Clause
  license_family: BSD
  size: 248670
  timestamp: 1735727084819
- conda: https://conda.anaconda.org/conda-forge/linux-64/openssl-3.6.1-h35e630c_1.conda
  sha256: 44c877f8af015332a5d12f5ff0fb20ca32f896526a7d0cdb30c769df1144fb5c
  md5: f61eb8cd60ff9057122a3d338b99c00f
  depends:
  - __glibc >=2.17,<3.0.a0
  - ca-certificates
  - libgcc >=14
  license: Apache-2.0
  license_family: Apache
  size: 3164551
  timestamp: 1769555830639
- conda: https://conda.anaconda.org/conda-forge/linux-64/singularity-3.8.6-hf1ae047_0.tar.bz2
  sha256: 53cc4f9dd2eabb5398beb8b0e077ab5beff99acf430b2b8537d647079f8a0f22
  md5: d95a88250dfcb06b10709e7bceccf009
  depends:
  - __glibc >=2.17,<3.0.a0
  - cni-plugins >=0.7.4
  - libarchive >=3.5.2,<3.6.0a0
  - libgcc-ng >=9.4.0
  - libseccomp >=2.4.4,<3.0a0
  - libstdcxx-ng >=9.4.0
  - libuuid >=2.32.1,<3.0a0
  - openssl >=3.0.0,<4.0a0
  - squashfs-tools
  license: BSD-3-Clause
  license_family: BSD
  size: 16098866
  timestamp: 1644531027982
- conda: https://conda.anaconda.org/conda-forge/linux-64/squashfs-tools-4.6.1-hdfefc0d_0.conda
  sha256: 4188c5a6da99c5135e2d473dc171b67516e6a44f6623ad6958291d87773ec6bb
  md5: 38e382a22fec7047e4a86df444f68568
  depends:
  - libgcc-ng >=12
  - libzlib >=1.2.13,<2.0.0a0
  - lz4-c >=1.9.3,<1.10.0a0
  - lzo >=2.10,<3.0a0
  - xz >=5.2.6,<6.0a0
  - zstd >=1.5.5,<1.6.0a0
  license: GPL-2.0-or-later
  license_family: GPL
  size: 215449
  timestamp: 1698614117172
- conda: https://conda.anaconda.org/conda-forge/linux-64/xz-5.8.2-ha02ee65_0.conda
  sha256: 6d60b1870bdbbaf098bbc7d69e4f4eccb8a6b5e856c2d0aca3c62c0db97e0863
  md5: d34b831f6d6a9b014eb7cf65f6329bba
  depends:
  - __glibc >=2.17,<3.0.a0
  - libgcc >=14
  - liblzma 5.8.2 hb03c661_0
  - liblzma-devel 5.8.2 hb03c661_0
  - xz-gpl-tools 5.8.2 ha02ee65_0
  - xz-tools 5.8.2 hb03c661_0
  license: 0BSD AND LGPL-2.1-or-later AND GPL-2.0-or-later
  size: 24101
  timestamp: 1768752698238
- conda: https://conda.anaconda.org/conda-forge/linux-64/xz-gpl-tools-5.8.2-ha02ee65_0.conda
  sha256: a4876e9fb124665315aedfe96b1a832e2c26312241061d5f990208aaf380da46
  md5: a159fe1e8200dd67fa88ddea9169d25a
  depends:
  - __glibc >=2.17,<3.0.a0
  - libgcc >=14
  - liblzma 5.8.2 hb03c661_0
  constrains:
  - xz 5.8.2.*
  license: 0BSD AND LGPL-2.1-or-later AND GPL-2.0-or-later
  size: 33774
  timestamp: 1768752679459
- conda: https://conda.anaconda.org/conda-forge/linux-64/xz-tools-5.8.2-hb03c661_0.conda
  sha256: 65c8a236b89a4ad24565a986b7c00b8cb2906af52fd9963730c44ea56a9fde9a
  md5: dfd6129671f782988d665354e7aa269d
  depends:
  - __glibc >=2.17,<3.0.a0
  - libgcc >=14
  - liblzma 5.8.2 hb03c661_0
  constrains:
  - xz 5.8.2.*
  license: 0BSD AND LGPL-2.1-or-later
  size: 96093
  timestamp: 1768752662020
- conda: https://conda.anaconda.org/conda-forge/linux-64/zstd-1.5.7-hb78ec9c_6.conda
  sha256: 68f0206ca6e98fea941e5717cec780ed2873ffabc0e1ed34428c061e2c6268c7
  md5: 4a13eeac0b5c8e5b8ab496e6c4ddd829
  depends:
  - __glibc >=2.17,<3.0.a0
  - libzlib >=1.3.1,<2.0a0
  license: BSD-3-Clause
  license_family: BSD
  size: 601375
  timestamp: 1764777111296
